// !$*UTF8*$!
{
	archiveVersion = 1;
	classes = {
	};
	objectVersion = 50;
	objects = {

/* Begin PBXAggregateTarget section */
		3D5FE2102088D32900A4C720 /* UniversalBuild */ = {
			isa = PBXAggregateTarget;
			buildConfigurationList = 3D5FE2112088D32900A4C720 /* Build configuration list for PBXAggregateTarget "UniversalBuild" */;
			buildPhases = (
				3D5FE2142088D32D00A4C720 /* ShellScript */,
			);
			dependencies = (
				3D5FE2172088D60B00A4C720 /* PBXTargetDependency */,
			);
			name = UniversalBuild;
			productName = UniversalBuild;
		};
/* End PBXAggregateTarget section */

/* Begin PBXBuildFile section */
		3D2F4CD820887BB000616E4E /* mist_api_sandbox.c in Sources */ = {isa = PBXBuildFile; fileRef = 3D2F4CC220887BB000616E4E /* mist_api_sandbox.c */; };
		3D2F4CD920887BB000616E4E /* mist_model.c in Sources */ = {isa = PBXBuildFile; fileRef = 3D2F4CC320887BB000616E4E /* mist_model.c */; };
		3D2F4CDB20887BB100616E4E /* mist_mapping.c in Sources */ = {isa = PBXBuildFile; fileRef = 3D2F4CC820887BB000616E4E /* mist_mapping.c */; };
		3D2F4CDC20887BB100616E4E /* mist_follow.c in Sources */ = {isa = PBXBuildFile; fileRef = 3D2F4CC920887BB000616E4E /* mist_follow.c */; };
		3D2F4CDD20887BB100616E4E /* mist_app.c in Sources */ = {isa = PBXBuildFile; fileRef = 3D2F4CCB20887BB000616E4E /* mist_app.c */; };
		3D2F4CDE20887BB100616E4E /* sandbox.c in Sources */ = {isa = PBXBuildFile; fileRef = 3D2F4CCD20887BB000616E4E /* sandbox.c */; };
		3D2F4CDF20887BB100616E4E /* mist_api.c in Sources */ = {isa = PBXBuildFile; fileRef = 3D2F4CCE20887BB000616E4E /* mist_api.c */; };
		3D2F4CE020887BB100616E4E /* mist_app_control.c in Sources */ = {isa = PBXBuildFile; fileRef = 3D2F4CCF20887BB000616E4E /* mist_app_control.c */; };
		3D2F4CE120887BB100616E4E /* mist_handler.c in Sources */ = {isa = PBXBuildFile; fileRef = 3D2F4CD320887BB000616E4E /* mist_handler.c */; };
		3D2F4CE220887BB100616E4E /* mist_app_manage.c in Sources */ = {isa = PBXBuildFile; fileRef = 3D2F4CD720887BB000616E4E /* mist_app_manage.c */; };
		3D2F4CEA20887BCB00616E4E /* wish_protocol.c in Sources */ = {isa = PBXBuildFile; fileRef = 3D2F4CE820887BCB00616E4E /* wish_protocol.c */; };
		3D2F4CEB20887BCB00616E4E /* wish_app.c in Sources */ = {isa = PBXBuildFile; fileRef = 3D2F4CE920887BCB00616E4E /* wish_app.c */; };
		3D2F4CF320887C2700616E4E /* bson_visit.c in Sources */ = {isa = PBXBuildFile; fileRef = 3D2F4CEE20887C2700616E4E /* bson_visit.c */; };
		3D2F4CF420887C2700616E4E /* bson.c in Sources */ = {isa = PBXBuildFile; fileRef = 3D2F4CF020887C2700616E4E /* bson.c */; };
		3D2F4CF520887C2700616E4E /* encoding.c in Sources */ = {isa = PBXBuildFile; fileRef = 3D2F4CF220887C2700616E4E /* encoding.c */; };
		3D2F4D3220887C4300616E4E /* wish_time.c in Sources */ = {isa = PBXBuildFile; fileRef = 3D2F4CF720887C4300616E4E /* wish_time.c */; };
		3D2F4D3320887C4300616E4E /* wish_utils.c in Sources */ = {isa = PBXBuildFile; fileRef = 3D2F4CF820887C4300616E4E /* wish_utils.c */; };
		3D2F4D3420887C4300616E4E /* wish_fs.c in Sources */ = {isa = PBXBuildFile; fileRef = 3D2F4CF920887C4300616E4E /* wish_fs.c */; };
		3D2F4D3520887C4300616E4E /* wish_connection.c in Sources */ = {isa = PBXBuildFile; fileRef = 3D2F4CFA20887C4300616E4E /* wish_connection.c */; };
		3D2F4D3620887C4300616E4E /* wish_identity.c in Sources */ = {isa = PBXBuildFile; fileRef = 3D2F4CFC20887C4300616E4E /* wish_identity.c */; };
		3D2F4D3720887C4300616E4E /* wish_debug.c in Sources */ = {isa = PBXBuildFile; fileRef = 3D2F4CFE20887C4300616E4E /* wish_debug.c */; };
		3D2F4D3820887C4300616E4E /* wish_core.c in Sources */ = {isa = PBXBuildFile; fileRef = 3D2F4CFF20887C4300616E4E /* wish_core.c */; };
		3D2F4D3920887C4300616E4E /* wish_api_connections.c in Sources */ = {isa = PBXBuildFile; fileRef = 3D2F4D0020887C4300616E4E /* wish_api_connections.c */; };
		3D2F4D3A20887C4300616E4E /* wish_api_identity.c in Sources */ = {isa = PBXBuildFile; fileRef = 3D2F4D0520887C4300616E4E /* wish_api_identity.c */; };
		3D2F4D3B20887C4300616E4E /* wish_event.c in Sources */ = {isa = PBXBuildFile; fileRef = 3D2F4D0920887C4300616E4E /* wish_event.c */; };
		3D2F4D3C20887C4300616E4E /* wish_api_wld.c in Sources */ = {isa = PBXBuildFile; fileRef = 3D2F4D0A20887C4300616E4E /* wish_api_wld.c */; };
		3D2F4D3D20887C4300616E4E /* wish_config.c in Sources */ = {isa = PBXBuildFile; fileRef = 3D2F4D0F20887C4300616E4E /* wish_config.c */; };
		3D2F4D3E20887C4300616E4E /* wish_platform.c in Sources */ = {isa = PBXBuildFile; fileRef = 3D2F4D1020887C4300616E4E /* wish_platform.c */; };
		3D2F4D3F20887C4300616E4E /* wish_api_relay.c in Sources */ = {isa = PBXBuildFile; fileRef = 3D2F4D1620887C4300616E4E /* wish_api_relay.c */; };
		3D2F4D4020887C4300616E4E /* rb.c in Sources */ = {isa = PBXBuildFile; fileRef = 3D2F4D1720887C4300616E4E /* rb.c */; };
		3D2F4D4120887C4300616E4E /* wish_dispatcher.c in Sources */ = {isa = PBXBuildFile; fileRef = 3D2F4D1920887C4300616E4E /* wish_dispatcher.c */; };
		3D2F4D4220887C4300616E4E /* wish_core_rpc.c in Sources */ = {isa = PBXBuildFile; fileRef = 3D2F4D1E20887C4300616E4E /* wish_core_rpc.c */; };
		3D2F4D4320887C4300616E4E /* wish_local_discovery.c in Sources */ = {isa = PBXBuildFile; fileRef = 3D2F4D2020887C4300616E4E /* wish_local_discovery.c */; };
		3D2F4D4420887C4300616E4E /* wish_core_signals.c in Sources */ = {isa = PBXBuildFile; fileRef = 3D2F4D2320887C4300616E4E /* wish_core_signals.c */; };
		3D2F4D4520887C4300616E4E /* wish_core_app_rpc.c in Sources */ = {isa = PBXBuildFile; fileRef = 3D2F4D2520887C4300616E4E /* wish_core_app_rpc.c */; };
		3D2F4D4620887C4300616E4E /* wish_acl.c in Sources */ = {isa = PBXBuildFile; fileRef = 3D2F4D2720887C4300616E4E /* wish_acl.c */; };
		3D2F4D4720887C4300616E4E /* wish_directory.c in Sources */ = {isa = PBXBuildFile; fileRef = 3D2F4D2820887C4300616E4E /* wish_directory.c */; };
		3D2F4D4820887C4300616E4E /* wish_relationship.c in Sources */ = {isa = PBXBuildFile; fileRef = 3D2F4D2920887C4300616E4E /* wish_relationship.c */; };
		3D2F4D4920887C4300616E4E /* wish_service_registry.c in Sources */ = {isa = PBXBuildFile; fileRef = 3D2F4D2B20887C4300616E4E /* wish_service_registry.c */; };
		3D2F4D4A20887C4300616E4E /* wish_connection_mgr.c in Sources */ = {isa = PBXBuildFile; fileRef = 3D2F4D2C20887C4300616E4E /* wish_connection_mgr.c */; };
		3D2F4D4B20887C4300616E4E /* wish_api_services.c in Sources */ = {isa = PBXBuildFile; fileRef = 3D2F4D2D20887C4300616E4E /* wish_api_services.c */; };
		3D2F4D4C20887C4300616E4E /* wish_relay_client.c in Sources */ = {isa = PBXBuildFile; fileRef = 3D2F4D2F20887C4300616E4E /* wish_relay_client.c */; };
		3D2F4D7F20887C6900616E4E /* seed.c in Sources */ = {isa = PBXBuildFile; fileRef = 3D2F4D6F20887C6800616E4E /* seed.c */; };
		3D2F4D8020887C6900616E4E /* fe.c in Sources */ = {isa = PBXBuildFile; fileRef = 3D2F4D7020887C6800616E4E /* fe.c */; };
		3D2F4D8120887C6900616E4E /* verify.c in Sources */ = {isa = PBXBuildFile; fileRef = 3D2F4D7120887C6800616E4E /* verify.c */; };
		3D2F4D8220887C6900616E4E /* ge.c in Sources */ = {isa = PBXBuildFile; fileRef = 3D2F4D7220887C6800616E4E /* ge.c */; };
		3D2F4D8320887C6900616E4E /* sc.c in Sources */ = {isa = PBXBuildFile; fileRef = 3D2F4D7320887C6800616E4E /* sc.c */; };
		3D2F4D8420887C6900616E4E /* sign.c in Sources */ = {isa = PBXBuildFile; fileRef = 3D2F4D7420887C6800616E4E /* sign.c */; };
		3D2F4D8520887C6900616E4E /* key_exchange.c in Sources */ = {isa = PBXBuildFile; fileRef = 3D2F4D7520887C6800616E4E /* key_exchange.c */; };
		3D2F4D8620887C6900616E4E /* add_scalar.c in Sources */ = {isa = PBXBuildFile; fileRef = 3D2F4D7620887C6800616E4E /* add_scalar.c */; };
		3D2F4D8720887C6900616E4E /* keypair.c in Sources */ = {isa = PBXBuildFile; fileRef = 3D2F4D7A20887C6800616E4E /* keypair.c */; };
		3D2F4D8B20887CC100616E4E /* wish_rpc.c in Sources */ = {isa = PBXBuildFile; fileRef = 3D2F4D8920887CC000616E4E /* wish_rpc.c */; };
		3D2F4D9820887D5B00616E4E /* network.c in Sources */ = {isa = PBXBuildFile; fileRef = 3D2F4D8E20887D5A00616E4E /* network.c */; };
		3D2F4D9920887D5B00616E4E /* app_server.c in Sources */ = {isa = PBXBuildFile; fileRef = 3D2F4D9020887D5A00616E4E /* app_server.c */; };
		3D2F4D9A20887D5B00616E4E /* fs_port.c in Sources */ = {isa = PBXBuildFile; fileRef = 3D2F4D9120887D5A00616E4E /* fs_port.c */; };
		3D2F4D9B20887D5B00616E4E /* event.c in Sources */ = {isa = PBXBuildFile; fileRef = 3D2F4D9220887D5A00616E4E /* event.c */; };
		3D2F4D9C20887D5B00616E4E /* relay_client.c in Sources */ = {isa = PBXBuildFile; fileRef = 3D2F4D9420887D5A00616E4E /* relay_client.c */; };
		3D2F4D9D20887D5B00616E4E /* port_service_ipc.c in Sources */ = {isa = PBXBuildFile; fileRef = 3D2F4D9520887D5A00616E4E /* port_service_ipc.c */; };
		3D2F4D9E20887D5B00616E4E /* app.c in Sources */ = {isa = PBXBuildFile; fileRef = 3D2F4D9720887D5A00616E4E /* app.c */; };
		3D2F4DB22088810A00616E4E /* MistRequest.m in Sources */ = {isa = PBXBuildFile; fileRef = 3D2F4DA22088810A00616E4E /* MistRequest.m */; };
		3D2F4DB32088810A00616E4E /* Signals.m in Sources */ = {isa = PBXBuildFile; fileRef = 3D2F4DA42088810A00616E4E /* Signals.m */; };
		3D2F4DB42088810A00616E4E /* WldList.m in Sources */ = {isa = PBXBuildFile; fileRef = 3D2F4DA62088810A00616E4E /* WldList.m */; };
		3D2F4DB52088810A00616E4E /* IdentityFriendRequestList.m in Sources */ = {isa = PBXBuildFile; fileRef = 3D2F4DA82088810A00616E4E /* IdentityFriendRequestList.m */; };
		3D2F4DB62088810A00616E4E /* IdentityFriendRequestAccept.m in Sources */ = {isa = PBXBuildFile; fileRef = 3D2F4DAB2088810A00616E4E /* IdentityFriendRequestAccept.m */; };
		3D2F4DB72088810A00616E4E /* WldClear.m in Sources */ = {isa = PBXBuildFile; fileRef = 3D2F4DAC2088810A00616E4E /* WldClear.m */; };
		3D2F4DB82088810A00616E4E /* MistApi.m in Sources */ = {isa = PBXBuildFile; fileRef = 3D2F4DAE2088810A00616E4E /* MistApi.m */; };
		3D2F4DB92088810A00616E4E /* WishRequest.m in Sources */ = {isa = PBXBuildFile; fileRef = 3D2F4DAF2088810A00616E4E /* WishRequest.m */; };
		3D2F4DBD2088826900616E4E /* MistPort.m in Sources */ = {isa = PBXBuildFile; fileRef = 3D2F4DBC2088826900616E4E /* MistPort.m */; };
		3D2F4DBF20889E6400616E4E /* IdentityFriendRequestAccept.h in CopyFiles */ = {isa = PBXBuildFile; fileRef = 3D2F4DA52088810A00616E4E /* IdentityFriendRequestAccept.h */; };
		3D2F4DC020889E6400616E4E /* WldClear.h in CopyFiles */ = {isa = PBXBuildFile; fileRef = 3D2F4DA72088810A00616E4E /* WldClear.h */; };
		3D2F4DC120889E6400616E4E /* Signals.h in CopyFiles */ = {isa = PBXBuildFile; fileRef = 3D2F4DA92088810A00616E4E /* Signals.h */; };
		3D2F4DC220889E6400616E4E /* WldList.h in CopyFiles */ = {isa = PBXBuildFile; fileRef = 3D2F4DAA2088810A00616E4E /* WldList.h */; };
		3D2F4DC320889E6400616E4E /* IdentityFriendRequestList.h in CopyFiles */ = {isa = PBXBuildFile; fileRef = 3D2F4DAD2088810A00616E4E /* IdentityFriendRequestList.h */; };
		3D48109C20EA3DBF0048B3CF /* PassthroughRequest.m in Sources */ = {isa = PBXBuildFile; fileRef = 3D48109B20EA3DBF0048B3CF /* PassthroughRequest.m */; };
		3D48109D20EA54AB0048B3CF /* PassthroughRequest.h in CopyFiles */ = {isa = PBXBuildFile; fileRef = 3D48109A20EA3D100048B3CF /* PassthroughRequest.h */; };
		3D5FE2402088DE9500A4C720 /* WishRequest.h in CopyFiles */ = {isa = PBXBuildFile; fileRef = 3D2F4DA02088810A00616E4E /* WishRequest.h */; };
		3D5FE2412088DE9500A4C720 /* MistApiResponseHandler.h in CopyFiles */ = {isa = PBXBuildFile; fileRef = 3D2F4DB02088810A00616E4E /* MistApiResponseHandler.h */; };
		3D5FE2422088DE9500A4C720 /* MistRequest.h in CopyFiles */ = {isa = PBXBuildFile; fileRef = 3D2F4DB12088810A00616E4E /* MistRequest.h */; };
		3D5FE2442089D80600A4C720 /* MistPort.h in CopyFiles */ = {isa = PBXBuildFile; fileRef = 3D2F4DBB2088821300616E4E /* MistPort.h */; };
		3DB9768B215A7A4100C761DA /* x509_create.c in Sources */ = {isa = PBXBuildFile; fileRef = 3DB97643215A7A4100C761DA /* x509_create.c */; };
		3DB9768C215A7A4100C761DA /* x509_crt.c in Sources */ = {isa = PBXBuildFile; fileRef = 3DB97644215A7A4100C761DA /* x509_crt.c */; };
		3DB9768D215A7A4100C761DA /* aes.c in Sources */ = {isa = PBXBuildFile; fileRef = 3DB97645215A7A4100C761DA /* aes.c */; };
		3DB9768E215A7A4100C761DA /* md4.c in Sources */ = {isa = PBXBuildFile; fileRef = 3DB97646215A7A4100C761DA /* md4.c */; };
		3DB9768F215A7A4100C761DA /* ssl_srv.c in Sources */ = {isa = PBXBuildFile; fileRef = 3DB97647215A7A4100C761DA /* ssl_srv.c */; };
		3DB97690215A7A4100C761DA /* camellia.c in Sources */ = {isa = PBXBuildFile; fileRef = 3DB97648215A7A4100C761DA /* camellia.c */; };
		3DB97691215A7A4100C761DA /* pk_wrap.c in Sources */ = {isa = PBXBuildFile; fileRef = 3DB97649215A7A4100C761DA /* pk_wrap.c */; };
		3DB97692215A7A4100C761DA /* pk.c in Sources */ = {isa = PBXBuildFile; fileRef = 3DB9764A215A7A4100C761DA /* pk.c */; };
		3DB97693215A7A4100C761DA /* ecdh.c in Sources */ = {isa = PBXBuildFile; fileRef = 3DB9764B215A7A4100C761DA /* ecdh.c */; };
		3DB97694215A7A4100C761DA /* ssl_tls.c in Sources */ = {isa = PBXBuildFile; fileRef = 3DB9764C215A7A4100C761DA /* ssl_tls.c */; };
		3DB97695215A7A4100C761DA /* x509_crl.c in Sources */ = {isa = PBXBuildFile; fileRef = 3DB9764D215A7A4100C761DA /* x509_crl.c */; };
		3DB97696215A7A4100C761DA /* cipher_wrap.c in Sources */ = {isa = PBXBuildFile; fileRef = 3DB9764E215A7A4100C761DA /* cipher_wrap.c */; };
		3DB97697215A7A4100C761DA /* des.c in Sources */ = {isa = PBXBuildFile; fileRef = 3DB9764F215A7A4100C761DA /* des.c */; };
		3DB97698215A7A4100C761DA /* ssl_cookie.c in Sources */ = {isa = PBXBuildFile; fileRef = 3DB97650215A7A4100C761DA /* ssl_cookie.c */; };
		3DB97699215A7A4100C761DA /* Makefile in Sources */ = {isa = PBXBuildFile; fileRef = 3DB97651215A7A4100C761DA /* Makefile */; };
		3DB9769A215A7A4100C761DA /* ctr_drbg.c in Sources */ = {isa = PBXBuildFile; fileRef = 3DB97652215A7A4100C761DA /* ctr_drbg.c */; };
		3DB9769B215A7A4100C761DA /* aesni.c in Sources */ = {isa = PBXBuildFile; fileRef = 3DB97653215A7A4100C761DA /* aesni.c */; };
		3DB9769C215A7A4100C761DA /* dhm.c in Sources */ = {isa = PBXBuildFile; fileRef = 3DB97654215A7A4100C761DA /* dhm.c */; };
		3DB9769D215A7A4100C761DA /* ssl_cache.c in Sources */ = {isa = PBXBuildFile; fileRef = 3DB97655215A7A4100C761DA /* ssl_cache.c */; };
		3DB9769E215A7A4100C761DA /* ssl_ciphersuites.c in Sources */ = {isa = PBXBuildFile; fileRef = 3DB97656215A7A4100C761DA /* ssl_ciphersuites.c */; };
		3DB9769F215A7A4100C761DA /* hmac_drbg.c in Sources */ = {isa = PBXBuildFile; fileRef = 3DB97657215A7A4100C761DA /* hmac_drbg.c */; };
		3DB976A0215A7A4100C761DA /* rsa.c in Sources */ = {isa = PBXBuildFile; fileRef = 3DB97658215A7A4100C761DA /* rsa.c */; };
		3DB976A1215A7A4100C761DA /* ssl_ticket.c in Sources */ = {isa = PBXBuildFile; fileRef = 3DB97659215A7A4100C761DA /* ssl_ticket.c */; };
		3DB976A2215A7A4100C761DA /* asn1parse.c in Sources */ = {isa = PBXBuildFile; fileRef = 3DB9765A215A7A4100C761DA /* asn1parse.c */; };
		3DB976A3215A7A4100C761DA /* certs.c in Sources */ = {isa = PBXBuildFile; fileRef = 3DB9765B215A7A4100C761DA /* certs.c */; };
		3DB976A4215A7A4100C761DA /* pkwrite.c in Sources */ = {isa = PBXBuildFile; fileRef = 3DB9765C215A7A4100C761DA /* pkwrite.c */; };
		3DB976A5215A7A4100C761DA /* gcm.c in Sources */ = {isa = PBXBuildFile; fileRef = 3DB9765D215A7A4100C761DA /* gcm.c */; };
		3DB976A6215A7A4100C761DA /* sha1.c in Sources */ = {isa = PBXBuildFile; fileRef = 3DB9765E215A7A4100C761DA /* sha1.c */; };
		3DB976A7215A7A4100C761DA /* asn1write.c in Sources */ = {isa = PBXBuildFile; fileRef = 3DB9765F215A7A4100C761DA /* asn1write.c */; };
		3DB976A8215A7A4100C761DA /* havege.c in Sources */ = {isa = PBXBuildFile; fileRef = 3DB97660215A7A4100C761DA /* havege.c */; };
		3DB976A9215A7A4100C761DA /* ccm.c in Sources */ = {isa = PBXBuildFile; fileRef = 3DB97661215A7A4100C761DA /* ccm.c */; };
		3DB976AA215A7A4100C761DA /* version_features.c in Sources */ = {isa = PBXBuildFile; fileRef = 3DB97662215A7A4100C761DA /* version_features.c */; };
		3DB976AB215A7A4100C761DA /* entropy_poll.c in Sources */ = {isa = PBXBuildFile; fileRef = 3DB97663215A7A4100C761DA /* entropy_poll.c */; };
		3DB976AC215A7A4100C761DA /* x509write_csr.c in Sources */ = {isa = PBXBuildFile; fileRef = 3DB97664215A7A4100C761DA /* x509write_csr.c */; };
		3DB976AD215A7A4100C761DA /* platform.c in Sources */ = {isa = PBXBuildFile; fileRef = 3DB97665215A7A4100C761DA /* platform.c */; };
		3DB976AE215A7A4100C761DA /* bignum.c in Sources */ = {isa = PBXBuildFile; fileRef = 3DB97666215A7A4100C761DA /* bignum.c */; };
		3DB976AF215A7A4100C761DA /* pkparse.c in Sources */ = {isa = PBXBuildFile; fileRef = 3DB97667215A7A4100C761DA /* pkparse.c */; };
		3DB976B0215A7A4100C761DA /* debug.c in Sources */ = {isa = PBXBuildFile; fileRef = 3DB97668215A7A4100C761DA /* debug.c */; };
		3DB976B1215A7A4100C761DA /* ripemd160.c in Sources */ = {isa = PBXBuildFile; fileRef = 3DB97669215A7A4100C761DA /* ripemd160.c */; };
		3DB976B2215A7A4100C761DA /* ssl_cli.c in Sources */ = {isa = PBXBuildFile; fileRef = 3DB9766A215A7A4100C761DA /* ssl_cli.c */; };
		3DB976B3215A7A4100C761DA /* blowfish.c in Sources */ = {isa = PBXBuildFile; fileRef = 3DB9766B215A7A4100C761DA /* blowfish.c */; };
		3DB976B4215A7A4100C761DA /* pkcs5.c in Sources */ = {isa = PBXBuildFile; fileRef = 3DB9766C215A7A4100C761DA /* pkcs5.c */; };
		3DB976B5215A7A4100C761DA /* pem.c in Sources */ = {isa = PBXBuildFile; fileRef = 3DB9766D215A7A4100C761DA /* pem.c */; };
		3DB976B6215A7A4100C761DA /* oid.c in Sources */ = {isa = PBXBuildFile; fileRef = 3DB9766F215A7A4100C761DA /* oid.c */; };
		3DB976B7215A7A4100C761DA /* error.c in Sources */ = {isa = PBXBuildFile; fileRef = 3DB97670215A7A4100C761DA /* error.c */; };
		3DB976B8215A7A4100C761DA /* md2.c in Sources */ = {isa = PBXBuildFile; fileRef = 3DB97671215A7A4100C761DA /* md2.c */; };
		3DB976B9215A7A4100C761DA /* md_wrap.c in Sources */ = {isa = PBXBuildFile; fileRef = 3DB97672215A7A4100C761DA /* md_wrap.c */; };
		3DB976BA215A7A4100C761DA /* x509_csr.c in Sources */ = {isa = PBXBuildFile; fileRef = 3DB97673215A7A4100C761DA /* x509_csr.c */; };
		3DB976BB215A7A4100C761DA /* pkcs11.c in Sources */ = {isa = PBXBuildFile; fileRef = 3DB97674215A7A4100C761DA /* pkcs11.c */; };
		3DB976BC215A7A4100C761DA /* base64.c in Sources */ = {isa = PBXBuildFile; fileRef = 3DB97675215A7A4100C761DA /* base64.c */; };
		3DB976BD215A7A4100C761DA /* memory_buffer_alloc.c in Sources */ = {isa = PBXBuildFile; fileRef = 3DB97676215A7A4100C761DA /* memory_buffer_alloc.c */; };
		3DB976BE215A7A4100C761DA /* net.c in Sources */ = {isa = PBXBuildFile; fileRef = 3DB97677215A7A4100C761DA /* net.c */; };
		3DB976BF215A7A4100C761DA /* ecp.c in Sources */ = {isa = PBXBuildFile; fileRef = 3DB97678215A7A4100C761DA /* ecp.c */; };
		3DB976C0215A7A4100C761DA /* version.c in Sources */ = {isa = PBXBuildFile; fileRef = 3DB97679215A7A4100C761DA /* version.c */; };
		3DB976C1215A7A4100C761DA /* x509.c in Sources */ = {isa = PBXBuildFile; fileRef = 3DB9767A215A7A4100C761DA /* x509.c */; };
		3DB976C2215A7A4100C761DA /* sha256.c in Sources */ = {isa = PBXBuildFile; fileRef = 3DB9767B215A7A4100C761DA /* sha256.c */; };
		3DB976C3215A7A4100C761DA /* ecp_curves.c in Sources */ = {isa = PBXBuildFile; fileRef = 3DB9767C215A7A4100C761DA /* ecp_curves.c */; };
		3DB976C4215A7A4100C761DA /* md5.c in Sources */ = {isa = PBXBuildFile; fileRef = 3DB9767D215A7A4100C761DA /* md5.c */; };
		3DB976C5215A7A4100C761DA /* arc4.c in Sources */ = {isa = PBXBuildFile; fileRef = 3DB9767E215A7A4100C761DA /* arc4.c */; };
		3DB976C6215A7A4100C761DA /* timing.c in Sources */ = {isa = PBXBuildFile; fileRef = 3DB9767F215A7A4100C761DA /* timing.c */; };
		3DB976C7215A7A4100C761DA /* xtea.c in Sources */ = {isa = PBXBuildFile; fileRef = 3DB97680215A7A4100C761DA /* xtea.c */; };
		3DB976C8215A7A4100C761DA /* x509write_crt.c in Sources */ = {isa = PBXBuildFile; fileRef = 3DB97681215A7A4100C761DA /* x509write_crt.c */; };
		3DB976C9215A7A4100C761DA /* threading.c in Sources */ = {isa = PBXBuildFile; fileRef = 3DB97682215A7A4100C761DA /* threading.c */; };
		3DB976CA215A7A4100C761DA /* padlock.c in Sources */ = {isa = PBXBuildFile; fileRef = 3DB97684215A7A4100C761DA /* padlock.c */; };
		3DB976CB215A7A4100C761DA /* pkcs12.c in Sources */ = {isa = PBXBuildFile; fileRef = 3DB97685215A7A4100C761DA /* pkcs12.c */; };
		3DB976CC215A7A4100C761DA /* entropy.c in Sources */ = {isa = PBXBuildFile; fileRef = 3DB97686215A7A4100C761DA /* entropy.c */; };
		3DB976CD215A7A4100C761DA /* sha512.c in Sources */ = {isa = PBXBuildFile; fileRef = 3DB97687215A7A4100C761DA /* sha512.c */; };
		3DB976CE215A7A4100C761DA /* md.c in Sources */ = {isa = PBXBuildFile; fileRef = 3DB97688215A7A4100C761DA /* md.c */; };
		3DB976CF215A7A4100C761DA /* cipher.c in Sources */ = {isa = PBXBuildFile; fileRef = 3DB97689215A7A4100C761DA /* cipher.c */; };
		3DB976D0215A7A4100C761DA /* ecdsa.c in Sources */ = {isa = PBXBuildFile; fileRef = 3DB9768A215A7A4100C761DA /* ecdsa.c */; };
		3DB976D3215A7AB100C761DA /* sha512.c in Sources */ = {isa = PBXBuildFile; fileRef = 3DB976D2215A7AB100C761DA /* sha512.c */; };
		3DB976EC215D0B3D00C761DA /* mist_api_persistence.c in Sources */ = {isa = PBXBuildFile; fileRef = 3DB976EA215D0B3D00C761DA /* mist_api_persistence.c */; };
		3DCE5FA4208E040C00372643 /* Sandbox.m in Sources */ = {isa = PBXBuildFile; fileRef = 3DCE5FA3208E040C00372643 /* Sandbox.m */; };
		3DCE5FA5208E2A1700372643 /* Sandbox.h in CopyFiles */ = {isa = PBXBuildFile; fileRef = 3DCE5FA2208E038700372643 /* Sandbox.h */; };
		3DF201872093559D00B33336 /* mist_api_commission.c in Sources */ = {isa = PBXBuildFile; fileRef = 3DF201862093559C00B33336 /* mist_api_commission.c */; };
/* End PBXBuildFile section */

/* Begin PBXContainerItemProxy section */
		3D5FE2162088D60B00A4C720 /* PBXContainerItemProxy */ = {
			isa = PBXContainerItemProxy;
			containerPortal = 3DAC753B2085DDC400A9CEC7 /* Project object */;
			proxyType = 1;
			remoteGlobalIDString = 3DAC75422085DDC400A9CEC7;
			remoteInfo = MistApi;
		};
/* End PBXContainerItemProxy section */

/* Begin PBXCopyFilesBuildPhase section */
		3DAC75412085DDC400A9CEC7 /* CopyFiles */ = {
			isa = PBXCopyFilesBuildPhase;
			buildActionMask = 12;
			dstPath = "include/$(PRODUCT_NAME)";
			dstSubfolderSpec = 16;
			files = (
				3D48109D20EA54AB0048B3CF /* PassthroughRequest.h in CopyFiles */,
				3DCE5FA5208E2A1700372643 /* Sandbox.h in CopyFiles */,
				3D5FE2442089D80600A4C720 /* MistPort.h in CopyFiles */,
				3D5FE2402088DE9500A4C720 /* WishRequest.h in CopyFiles */,
				3D5FE2412088DE9500A4C720 /* MistApiResponseHandler.h in CopyFiles */,
				3D5FE2422088DE9500A4C720 /* MistRequest.h in CopyFiles */,
				3D2F4DBF20889E6400616E4E /* IdentityFriendRequestAccept.h in CopyFiles */,
				3D2F4DC020889E6400616E4E /* WldClear.h in CopyFiles */,
				3D2F4DC120889E6400616E4E /* Signals.h in CopyFiles */,
				3D2F4DC220889E6400616E4E /* WldList.h in CopyFiles */,
				3D2F4DC320889E6400616E4E /* IdentityFriendRequestList.h in CopyFiles */,
			);
			runOnlyForDeploymentPostprocessing = 0;
		};
/* End PBXCopyFilesBuildPhase section */

/* Begin PBXFileReference section */
		3D2F4CBF20887BB000616E4E /* mist_app_control.h */ = {isa = PBXFileReference; fileEncoding = 4; lastKnownFileType = sourcecode.c.h; path = mist_app_control.h; sourceTree = "<group>"; };
		3D2F4CC020887BB000616E4E /* mist_api.h */ = {isa = PBXFileReference; fileEncoding = 4; lastKnownFileType = sourcecode.c.h; path = mist_api.h; sourceTree = "<group>"; };
		3D2F4CC120887BB000616E4E /* version.h */ = {isa = PBXFileReference; fileEncoding = 4; lastKnownFileType = sourcecode.c.h; path = version.h; sourceTree = "<group>"; };
		3D2F4CC220887BB000616E4E /* mist_api_sandbox.c */ = {isa = PBXFileReference; fileEncoding = 4; lastKnownFileType = sourcecode.c.c; path = mist_api_sandbox.c; sourceTree = "<group>"; };
		3D2F4CC320887BB000616E4E /* mist_model.c */ = {isa = PBXFileReference; fileEncoding = 4; lastKnownFileType = sourcecode.c.c; path = mist_model.c; sourceTree = "<group>"; };
		3D2F4CC720887BB000616E4E /* mist_handler.h */ = {isa = PBXFileReference; fileEncoding = 4; lastKnownFileType = sourcecode.c.h; path = mist_handler.h; sourceTree = "<group>"; };
		3D2F4CC820887BB000616E4E /* mist_mapping.c */ = {isa = PBXFileReference; fileEncoding = 4; lastKnownFileType = sourcecode.c.c; path = mist_mapping.c; sourceTree = "<group>"; };
		3D2F4CC920887BB000616E4E /* mist_follow.c */ = {isa = PBXFileReference; fileEncoding = 4; lastKnownFileType = sourcecode.c.c; path = mist_follow.c; sourceTree = "<group>"; };
		3D2F4CCA20887BB000616E4E /* mist_app_manage.h */ = {isa = PBXFileReference; fileEncoding = 4; lastKnownFileType = sourcecode.c.h; path = mist_app_manage.h; sourceTree = "<group>"; };
		3D2F4CCB20887BB000616E4E /* mist_app.c */ = {isa = PBXFileReference; fileEncoding = 4; lastKnownFileType = sourcecode.c.c; path = mist_app.c; sourceTree = "<group>"; };
		3D2F4CCC20887BB000616E4E /* mist_defs.h */ = {isa = PBXFileReference; fileEncoding = 4; lastKnownFileType = sourcecode.c.h; path = mist_defs.h; sourceTree = "<group>"; };
		3D2F4CCD20887BB000616E4E /* sandbox.c */ = {isa = PBXFileReference; fileEncoding = 4; lastKnownFileType = sourcecode.c.c; path = sandbox.c; sourceTree = "<group>"; };
		3D2F4CCE20887BB000616E4E /* mist_api.c */ = {isa = PBXFileReference; fileEncoding = 4; lastKnownFileType = sourcecode.c.c; path = mist_api.c; sourceTree = "<group>"; };
		3D2F4CCF20887BB000616E4E /* mist_app_control.c */ = {isa = PBXFileReference; fileEncoding = 4; lastKnownFileType = sourcecode.c.c; path = mist_app_control.c; sourceTree = "<group>"; };
		3D2F4CD020887BB000616E4E /* mist_model.h */ = {isa = PBXFileReference; fileEncoding = 4; lastKnownFileType = sourcecode.c.h; path = mist_model.h; sourceTree = "<group>"; };
		3D2F4CD120887BB000616E4E /* mist_api_sandbox.h */ = {isa = PBXFileReference; fileEncoding = 4; lastKnownFileType = sourcecode.c.h; path = mist_api_sandbox.h; sourceTree = "<group>"; };
		3D2F4CD220887BB000616E4E /* mist_follow.h */ = {isa = PBXFileReference; fileEncoding = 4; lastKnownFileType = sourcecode.c.h; path = mist_follow.h; sourceTree = "<group>"; };
		3D2F4CD320887BB000616E4E /* mist_handler.c */ = {isa = PBXFileReference; fileEncoding = 4; lastKnownFileType = sourcecode.c.c; path = mist_handler.c; sourceTree = "<group>"; };
		3D2F4CD420887BB000616E4E /* mist_mapping.h */ = {isa = PBXFileReference; fileEncoding = 4; lastKnownFileType = sourcecode.c.h; path = mist_mapping.h; sourceTree = "<group>"; };
		3D2F4CD520887BB000616E4E /* sandbox.h */ = {isa = PBXFileReference; fileEncoding = 4; lastKnownFileType = sourcecode.c.h; path = sandbox.h; sourceTree = "<group>"; };
		3D2F4CD620887BB000616E4E /* mist_app.h */ = {isa = PBXFileReference; fileEncoding = 4; lastKnownFileType = sourcecode.c.h; path = mist_app.h; sourceTree = "<group>"; };
		3D2F4CD720887BB000616E4E /* mist_app_manage.c */ = {isa = PBXFileReference; fileEncoding = 4; lastKnownFileType = sourcecode.c.c; path = mist_app_manage.c; sourceTree = "<group>"; };
		3D2F4CE420887BCB00616E4E /* wish_protocol.h */ = {isa = PBXFileReference; fileEncoding = 4; lastKnownFileType = sourcecode.c.h; path = wish_protocol.h; sourceTree = "<group>"; };
		3D2F4CE520887BCB00616E4E /* wish_acl.h */ = {isa = PBXFileReference; fileEncoding = 4; lastKnownFileType = sourcecode.c.h; path = wish_acl.h; sourceTree = "<group>"; };
		3D2F4CE620887BCB00616E4E /* wish_app.h */ = {isa = PBXFileReference; fileEncoding = 4; lastKnownFileType = sourcecode.c.h; path = wish_app.h; sourceTree = "<group>"; };
		3D2F4CE720887BCB00616E4E /* app_service_ipc.h */ = {isa = PBXFileReference; fileEncoding = 4; lastKnownFileType = sourcecode.c.h; path = app_service_ipc.h; sourceTree = "<group>"; };
		3D2F4CE820887BCB00616E4E /* wish_protocol.c */ = {isa = PBXFileReference; fileEncoding = 4; lastKnownFileType = sourcecode.c.c; path = wish_protocol.c; sourceTree = "<group>"; };
		3D2F4CE920887BCB00616E4E /* wish_app.c */ = {isa = PBXFileReference; fileEncoding = 4; lastKnownFileType = sourcecode.c.c; path = wish_app.c; sourceTree = "<group>"; };
		3D2F4CED20887C2700616E4E /* bson.h */ = {isa = PBXFileReference; fileEncoding = 4; lastKnownFileType = sourcecode.c.h; path = bson.h; sourceTree = "<group>"; };
		3D2F4CEE20887C2700616E4E /* bson_visit.c */ = {isa = PBXFileReference; fileEncoding = 4; lastKnownFileType = sourcecode.c.c; path = bson_visit.c; sourceTree = "<group>"; };
		3D2F4CEF20887C2700616E4E /* encoding.h */ = {isa = PBXFileReference; fileEncoding = 4; lastKnownFileType = sourcecode.c.h; path = encoding.h; sourceTree = "<group>"; };
		3D2F4CF020887C2700616E4E /* bson.c */ = {isa = PBXFileReference; fileEncoding = 4; lastKnownFileType = sourcecode.c.c; path = bson.c; sourceTree = "<group>"; };
		3D2F4CF120887C2700616E4E /* bson_visit.h */ = {isa = PBXFileReference; fileEncoding = 4; lastKnownFileType = sourcecode.c.h; path = bson_visit.h; sourceTree = "<group>"; };
		3D2F4CF220887C2700616E4E /* encoding.c */ = {isa = PBXFileReference; fileEncoding = 4; lastKnownFileType = sourcecode.c.c; path = encoding.c; sourceTree = "<group>"; };
		3D2F4CF720887C4300616E4E /* wish_time.c */ = {isa = PBXFileReference; fileEncoding = 4; lastKnownFileType = sourcecode.c.c; path = wish_time.c; sourceTree = "<group>"; };
		3D2F4CF820887C4300616E4E /* wish_utils.c */ = {isa = PBXFileReference; fileEncoding = 4; lastKnownFileType = sourcecode.c.c; path = wish_utils.c; sourceTree = "<group>"; };
		3D2F4CF920887C4300616E4E /* wish_fs.c */ = {isa = PBXFileReference; fileEncoding = 4; lastKnownFileType = sourcecode.c.c; path = wish_fs.c; sourceTree = "<group>"; };
		3D2F4CFA20887C4300616E4E /* wish_connection.c */ = {isa = PBXFileReference; fileEncoding = 4; lastKnownFileType = sourcecode.c.c; path = wish_connection.c; sourceTree = "<group>"; };
		3D2F4CFB20887C4300616E4E /* wish_core_rpc.h */ = {isa = PBXFileReference; fileEncoding = 4; lastKnownFileType = sourcecode.c.h; path = wish_core_rpc.h; sourceTree = "<group>"; };
		3D2F4CFC20887C4300616E4E /* wish_identity.c */ = {isa = PBXFileReference; fileEncoding = 4; lastKnownFileType = sourcecode.c.c; path = wish_identity.c; sourceTree = "<group>"; };
		3D2F4CFD20887C4300616E4E /* wish_dispatcher.h */ = {isa = PBXFileReference; fileEncoding = 4; lastKnownFileType = sourcecode.c.h; path = wish_dispatcher.h; sourceTree = "<group>"; };
		3D2F4CFE20887C4300616E4E /* wish_debug.c */ = {isa = PBXFileReference; fileEncoding = 4; lastKnownFileType = sourcecode.c.c; path = wish_debug.c; sourceTree = "<group>"; };
		3D2F4CFF20887C4300616E4E /* wish_core.c */ = {isa = PBXFileReference; fileEncoding = 4; lastKnownFileType = sourcecode.c.c; path = wish_core.c; sourceTree = "<group>"; };
		3D2F4D0020887C4300616E4E /* wish_api_connections.c */ = {isa = PBXFileReference; fileEncoding = 4; lastKnownFileType = sourcecode.c.c; path = wish_api_connections.c; sourceTree = "<group>"; };
		3D2F4D0120887C4300616E4E /* rb.h */ = {isa = PBXFileReference; fileEncoding = 4; lastKnownFileType = sourcecode.c.h; path = rb.h; sourceTree = "<group>"; };
		3D2F4D0220887C4300616E4E /* wish_api_relay.h */ = {isa = PBXFileReference; fileEncoding = 4; lastKnownFileType = sourcecode.c.h; path = wish_api_relay.h; sourceTree = "<group>"; };
		3D2F4D0320887C4300616E4E /* wish_platform_attributes.h */ = {isa = PBXFileReference; fileEncoding = 4; lastKnownFileType = sourcecode.c.h; path = wish_platform_attributes.h; sourceTree = "<group>"; };
		3D2F4D0420887C4300616E4E /* wish_core_app_rpc.h */ = {isa = PBXFileReference; fileEncoding = 4; lastKnownFileType = sourcecode.c.h; path = wish_core_app_rpc.h; sourceTree = "<group>"; };
		3D2F4D0520887C4300616E4E /* wish_api_identity.c */ = {isa = PBXFileReference; fileEncoding = 4; lastKnownFileType = sourcecode.c.c; path = wish_api_identity.c; sourceTree = "<group>"; };
		3D2F4D0620887C4300616E4E /* wish_acl.h */ = {isa = PBXFileReference; fileEncoding = 4; lastKnownFileType = sourcecode.c.h; path = wish_acl.h; sourceTree = "<group>"; };
		3D2F4D0720887C4300616E4E /* wish_core_signals.h */ = {isa = PBXFileReference; fileEncoding = 4; lastKnownFileType = sourcecode.c.h; path = wish_core_signals.h; sourceTree = "<group>"; };
		3D2F4D0820887C4300616E4E /* wish_local_discovery.h */ = {isa = PBXFileReference; fileEncoding = 4; lastKnownFileType = sourcecode.c.h; path = wish_local_discovery.h; sourceTree = "<group>"; };
		3D2F4D0920887C4300616E4E /* wish_event.c */ = {isa = PBXFileReference; fileEncoding = 4; lastKnownFileType = sourcecode.c.c; path = wish_event.c; sourceTree = "<group>"; };
		3D2F4D0A20887C4300616E4E /* wish_api_wld.c */ = {isa = PBXFileReference; fileEncoding = 4; lastKnownFileType = sourcecode.c.c; path = wish_api_wld.c; sourceTree = "<group>"; };
		3D2F4D0B20887C4300616E4E /* wish_service_registry.h */ = {isa = PBXFileReference; fileEncoding = 4; lastKnownFileType = sourcecode.c.h; path = wish_service_registry.h; sourceTree = "<group>"; };
		3D2F4D0C20887C4300616E4E /* wish_directory.h */ = {isa = PBXFileReference; fileEncoding = 4; lastKnownFileType = sourcecode.c.h; path = wish_directory.h; sourceTree = "<group>"; };
		3D2F4D0D20887C4300616E4E /* wish_ip_addr.h */ = {isa = PBXFileReference; fileEncoding = 4; lastKnownFileType = sourcecode.c.h; path = wish_ip_addr.h; sourceTree = "<group>"; };
		3D2F4D0E20887C4300616E4E /* wish_relationship.h */ = {isa = PBXFileReference; fileEncoding = 4; lastKnownFileType = sourcecode.c.h; path = wish_relationship.h; sourceTree = "<group>"; };
		3D2F4D0F20887C4300616E4E /* wish_config.c */ = {isa = PBXFileReference; fileEncoding = 4; lastKnownFileType = sourcecode.c.c; path = wish_config.c; sourceTree = "<group>"; };
		3D2F4D1020887C4300616E4E /* wish_platform.c */ = {isa = PBXFileReference; fileEncoding = 4; lastKnownFileType = sourcecode.c.c; path = wish_platform.c; sourceTree = "<group>"; };
		3D2F4D1120887C4300616E4E /* wish_api_services.h */ = {isa = PBXFileReference; fileEncoding = 4; lastKnownFileType = sourcecode.c.h; path = wish_api_services.h; sourceTree = "<group>"; };
		3D2F4D1220887C4300616E4E /* wish_relay_client.h */ = {isa = PBXFileReference; fileEncoding = 4; lastKnownFileType = sourcecode.c.h; path = wish_relay_client.h; sourceTree = "<group>"; };
		3D2F4D1320887C4300616E4E /* wish_connection_mgr.h */ = {isa = PBXFileReference; fileEncoding = 4; lastKnownFileType = sourcecode.c.h; path = wish_connection_mgr.h; sourceTree = "<group>"; };
		3D2F4D1420887C4300616E4E /* wish_core.h */ = {isa = PBXFileReference; fileEncoding = 4; lastKnownFileType = sourcecode.c.h; path = wish_core.h; sourceTree = "<group>"; };
		3D2F4D1520887C4300616E4E /* wish_debug.h */ = {isa = PBXFileReference; fileEncoding = 4; lastKnownFileType = sourcecode.c.h; path = wish_debug.h; sourceTree = "<group>"; };
		3D2F4D1620887C4300616E4E /* wish_api_relay.c */ = {isa = PBXFileReference; fileEncoding = 4; lastKnownFileType = sourcecode.c.c; path = wish_api_relay.c; sourceTree = "<group>"; };
		3D2F4D1720887C4300616E4E /* rb.c */ = {isa = PBXFileReference; fileEncoding = 4; lastKnownFileType = sourcecode.c.c; path = rb.c; sourceTree = "<group>"; };
		3D2F4D1820887C4300616E4E /* wish_api_connections.h */ = {isa = PBXFileReference; fileEncoding = 4; lastKnownFileType = sourcecode.c.h; path = wish_api_connections.h; sourceTree = "<group>"; };
		3D2F4D1920887C4300616E4E /* wish_dispatcher.c */ = {isa = PBXFileReference; fileEncoding = 4; lastKnownFileType = sourcecode.c.c; path = wish_dispatcher.c; sourceTree = "<group>"; };
		3D2F4D1A20887C4300616E4E /* wish_connection.h */ = {isa = PBXFileReference; fileEncoding = 4; lastKnownFileType = sourcecode.c.h; path = wish_connection.h; sourceTree = "<group>"; };
		3D2F4D1B20887C4300616E4E /* wish_utils.h */ = {isa = PBXFileReference; fileEncoding = 4; lastKnownFileType = sourcecode.c.h; path = wish_utils.h; sourceTree = "<group>"; };
		3D2F4D1C20887C4300616E4E /* wish_fs.h */ = {isa = PBXFileReference; fileEncoding = 4; lastKnownFileType = sourcecode.c.h; path = wish_fs.h; sourceTree = "<group>"; };
		3D2F4D1D20887C4300616E4E /* wish_identity.h */ = {isa = PBXFileReference; fileEncoding = 4; lastKnownFileType = sourcecode.c.h; path = wish_identity.h; sourceTree = "<group>"; };
		3D2F4D1E20887C4300616E4E /* wish_core_rpc.c */ = {isa = PBXFileReference; fileEncoding = 4; lastKnownFileType = sourcecode.c.c; path = wish_core_rpc.c; sourceTree = "<group>"; };
		3D2F4D1F20887C4300616E4E /* wish_time.h */ = {isa = PBXFileReference; fileEncoding = 4; lastKnownFileType = sourcecode.c.h; path = wish_time.h; sourceTree = "<group>"; };
		3D2F4D2020887C4300616E4E /* wish_local_discovery.c */ = {isa = PBXFileReference; fileEncoding = 4; lastKnownFileType = sourcecode.c.c; path = wish_local_discovery.c; sourceTree = "<group>"; };
		3D2F4D2120887C4300616E4E /* wish_event.h */ = {isa = PBXFileReference; fileEncoding = 4; lastKnownFileType = sourcecode.c.h; path = wish_event.h; sourceTree = "<group>"; };
		3D2F4D2220887C4300616E4E /* wish_return.h */ = {isa = PBXFileReference; fileEncoding = 4; lastKnownFileType = sourcecode.c.h; path = wish_return.h; sourceTree = "<group>"; };
		3D2F4D2320887C4300616E4E /* wish_core_signals.c */ = {isa = PBXFileReference; fileEncoding = 4; lastKnownFileType = sourcecode.c.c; path = wish_core_signals.c; sourceTree = "<group>"; };
		3D2F4D2420887C4300616E4E /* wish_api_identity.h */ = {isa = PBXFileReference; fileEncoding = 4; lastKnownFileType = sourcecode.c.h; path = wish_api_identity.h; sourceTree = "<group>"; };
		3D2F4D2520887C4300616E4E /* wish_core_app_rpc.c */ = {isa = PBXFileReference; fileEncoding = 4; lastKnownFileType = sourcecode.c.c; path = wish_core_app_rpc.c; sourceTree = "<group>"; };
		3D2F4D2620887C4300616E4E /* core_service_ipc.h */ = {isa = PBXFileReference; fileEncoding = 4; lastKnownFileType = sourcecode.c.h; path = core_service_ipc.h; sourceTree = "<group>"; };
		3D2F4D2720887C4300616E4E /* wish_acl.c */ = {isa = PBXFileReference; fileEncoding = 4; lastKnownFileType = sourcecode.c.c; path = wish_acl.c; sourceTree = "<group>"; };
		3D2F4D2820887C4300616E4E /* wish_directory.c */ = {isa = PBXFileReference; fileEncoding = 4; lastKnownFileType = sourcecode.c.c; path = wish_directory.c; sourceTree = "<group>"; };
		3D2F4D2920887C4300616E4E /* wish_relationship.c */ = {isa = PBXFileReference; fileEncoding = 4; lastKnownFileType = sourcecode.c.c; path = wish_relationship.c; sourceTree = "<group>"; };
		3D2F4D2A20887C4300616E4E /* wish_api_wld.h */ = {isa = PBXFileReference; fileEncoding = 4; lastKnownFileType = sourcecode.c.h; path = wish_api_wld.h; sourceTree = "<group>"; };
		3D2F4D2B20887C4300616E4E /* wish_service_registry.c */ = {isa = PBXFileReference; fileEncoding = 4; lastKnownFileType = sourcecode.c.c; path = wish_service_registry.c; sourceTree = "<group>"; };
		3D2F4D2C20887C4300616E4E /* wish_connection_mgr.c */ = {isa = PBXFileReference; fileEncoding = 4; lastKnownFileType = sourcecode.c.c; path = wish_connection_mgr.c; sourceTree = "<group>"; };
		3D2F4D2D20887C4300616E4E /* wish_api_services.c */ = {isa = PBXFileReference; fileEncoding = 4; lastKnownFileType = sourcecode.c.c; path = wish_api_services.c; sourceTree = "<group>"; };
		3D2F4D2E20887C4300616E4E /* wish_platform.h */ = {isa = PBXFileReference; fileEncoding = 4; lastKnownFileType = sourcecode.c.h; path = wish_platform.h; sourceTree = "<group>"; };
		3D2F4D2F20887C4300616E4E /* wish_relay_client.c */ = {isa = PBXFileReference; fileEncoding = 4; lastKnownFileType = sourcecode.c.c; path = wish_relay_client.c; sourceTree = "<group>"; };
		3D2F4D3020887C4300616E4E /* wish_version.h */ = {isa = PBXFileReference; fileEncoding = 4; lastKnownFileType = sourcecode.c.h; path = wish_version.h; sourceTree = "<group>"; };
		3D2F4D3120887C4300616E4E /* wish_config.h */ = {isa = PBXFileReference; fileEncoding = 4; lastKnownFileType = sourcecode.c.h; path = wish_config.h; sourceTree = "<group>"; };
		3D2F4D6E20887C6800616E4E /* precomp_data.h */ = {isa = PBXFileReference; fileEncoding = 4; lastKnownFileType = sourcecode.c.h; path = precomp_data.h; sourceTree = "<group>"; };
		3D2F4D6F20887C6800616E4E /* seed.c */ = {isa = PBXFileReference; fileEncoding = 4; lastKnownFileType = sourcecode.c.c; path = seed.c; sourceTree = "<group>"; };
		3D2F4D7020887C6800616E4E /* fe.c */ = {isa = PBXFileReference; fileEncoding = 4; lastKnownFileType = sourcecode.c.c; path = fe.c; sourceTree = "<group>"; };
		3D2F4D7120887C6800616E4E /* verify.c */ = {isa = PBXFileReference; fileEncoding = 4; lastKnownFileType = sourcecode.c.c; path = verify.c; sourceTree = "<group>"; };
		3D2F4D7220887C6800616E4E /* ge.c */ = {isa = PBXFileReference; fileEncoding = 4; lastKnownFileType = sourcecode.c.c; path = ge.c; sourceTree = "<group>"; };
		3D2F4D7320887C6800616E4E /* sc.c */ = {isa = PBXFileReference; fileEncoding = 4; lastKnownFileType = sourcecode.c.c; path = sc.c; sourceTree = "<group>"; };
		3D2F4D7420887C6800616E4E /* sign.c */ = {isa = PBXFileReference; fileEncoding = 4; lastKnownFileType = sourcecode.c.c; path = sign.c; sourceTree = "<group>"; };
		3D2F4D7520887C6800616E4E /* key_exchange.c */ = {isa = PBXFileReference; fileEncoding = 4; lastKnownFileType = sourcecode.c.c; path = key_exchange.c; sourceTree = "<group>"; };
		3D2F4D7620887C6800616E4E /* add_scalar.c */ = {isa = PBXFileReference; fileEncoding = 4; lastKnownFileType = sourcecode.c.c; path = add_scalar.c; sourceTree = "<group>"; };
		3D2F4D7720887C6800616E4E /* ed25519.h */ = {isa = PBXFileReference; fileEncoding = 4; lastKnownFileType = sourcecode.c.h; path = ed25519.h; sourceTree = "<group>"; };
		3D2F4D7920887C6800616E4E /* fe.h */ = {isa = PBXFileReference; fileEncoding = 4; lastKnownFileType = sourcecode.c.h; path = fe.h; sourceTree = "<group>"; };
		3D2F4D7A20887C6800616E4E /* keypair.c */ = {isa = PBXFileReference; fileEncoding = 4; lastKnownFileType = sourcecode.c.c; path = keypair.c; sourceTree = "<group>"; };
		3D2F4D7B20887C6800616E4E /* fixedint.h */ = {isa = PBXFileReference; fileEncoding = 4; lastKnownFileType = sourcecode.c.h; path = fixedint.h; sourceTree = "<group>"; };
		3D2F4D7C20887C6800616E4E /* sc.h */ = {isa = PBXFileReference; fileEncoding = 4; lastKnownFileType = sourcecode.c.h; path = sc.h; sourceTree = "<group>"; };
		3D2F4D7D20887C6800616E4E /* ge.h */ = {isa = PBXFileReference; fileEncoding = 4; lastKnownFileType = sourcecode.c.h; path = ge.h; sourceTree = "<group>"; };
		3D2F4D8920887CC000616E4E /* wish_rpc.c */ = {isa = PBXFileReference; fileEncoding = 4; lastKnownFileType = sourcecode.c.c; path = wish_rpc.c; sourceTree = "<group>"; };
		3D2F4D8A20887CC000616E4E /* wish_rpc.h */ = {isa = PBXFileReference; fileEncoding = 4; lastKnownFileType = sourcecode.c.h; path = wish_rpc.h; sourceTree = "<group>"; };
		3D2F4D8D20887D5A00616E4E /* fs_port.h */ = {isa = PBXFileReference; fileEncoding = 4; lastKnownFileType = sourcecode.c.h; path = fs_port.h; sourceTree = "<group>"; };
		3D2F4D8E20887D5A00616E4E /* network.c */ = {isa = PBXFileReference; fileEncoding = 4; lastKnownFileType = sourcecode.c.c; path = network.c; sourceTree = "<group>"; };
		3D2F4D8F20887D5A00616E4E /* port_service_ipc.h */ = {isa = PBXFileReference; fileEncoding = 4; lastKnownFileType = sourcecode.c.h; path = port_service_ipc.h; sourceTree = "<group>"; };
		3D2F4D9020887D5A00616E4E /* app_server.c */ = {isa = PBXFileReference; fileEncoding = 4; lastKnownFileType = sourcecode.c.c; path = app_server.c; sourceTree = "<group>"; };
		3D2F4D9120887D5A00616E4E /* fs_port.c */ = {isa = PBXFileReference; fileEncoding = 4; lastKnownFileType = sourcecode.c.c; path = fs_port.c; sourceTree = "<group>"; };
		3D2F4D9220887D5A00616E4E /* event.c */ = {isa = PBXFileReference; fileEncoding = 4; lastKnownFileType = sourcecode.c.c; path = event.c; sourceTree = "<group>"; };
		3D2F4D9320887D5A00616E4E /* app_server.h */ = {isa = PBXFileReference; fileEncoding = 4; lastKnownFileType = sourcecode.c.h; path = app_server.h; sourceTree = "<group>"; };
		3D2F4D9420887D5A00616E4E /* relay_client.c */ = {isa = PBXFileReference; fileEncoding = 4; lastKnownFileType = sourcecode.c.c; path = relay_client.c; sourceTree = "<group>"; };
		3D2F4D9520887D5A00616E4E /* port_service_ipc.c */ = {isa = PBXFileReference; fileEncoding = 4; lastKnownFileType = sourcecode.c.c; path = port_service_ipc.c; sourceTree = "<group>"; };
		3D2F4D9620887D5A00616E4E /* wish_port_config.h */ = {isa = PBXFileReference; fileEncoding = 4; lastKnownFileType = sourcecode.c.h; path = wish_port_config.h; sourceTree = "<group>"; };
		3D2F4D9720887D5A00616E4E /* app.c */ = {isa = PBXFileReference; fileEncoding = 4; lastKnownFileType = sourcecode.c.c; path = app.c; sourceTree = "<group>"; };
		3D2F4DA02088810A00616E4E /* WishRequest.h */ = {isa = PBXFileReference; fileEncoding = 4; lastKnownFileType = sourcecode.c.h; path = WishRequest.h; sourceTree = "<group>"; };
		3D2F4DA12088810A00616E4E /* MistApi.h */ = {isa = PBXFileReference; fileEncoding = 4; lastKnownFileType = sourcecode.c.h; path = MistApi.h; sourceTree = "<group>"; };
		3D2F4DA22088810A00616E4E /* MistRequest.m */ = {isa = PBXFileReference; fileEncoding = 4; lastKnownFileType = sourcecode.c.objc; path = MistRequest.m; sourceTree = "<group>"; };
		3D2F4DA42088810A00616E4E /* Signals.m */ = {isa = PBXFileReference; fileEncoding = 4; lastKnownFileType = sourcecode.c.objc; path = Signals.m; sourceTree = "<group>"; };
		3D2F4DA52088810A00616E4E /* IdentityFriendRequestAccept.h */ = {isa = PBXFileReference; fileEncoding = 4; lastKnownFileType = sourcecode.c.h; path = IdentityFriendRequestAccept.h; sourceTree = "<group>"; };
		3D2F4DA62088810A00616E4E /* WldList.m */ = {isa = PBXFileReference; fileEncoding = 4; lastKnownFileType = sourcecode.c.objc; path = WldList.m; sourceTree = "<group>"; };
		3D2F4DA72088810A00616E4E /* WldClear.h */ = {isa = PBXFileReference; fileEncoding = 4; lastKnownFileType = sourcecode.c.h; path = WldClear.h; sourceTree = "<group>"; };
		3D2F4DA82088810A00616E4E /* IdentityFriendRequestList.m */ = {isa = PBXFileReference; fileEncoding = 4; lastKnownFileType = sourcecode.c.objc; path = IdentityFriendRequestList.m; sourceTree = "<group>"; };
		3D2F4DA92088810A00616E4E /* Signals.h */ = {isa = PBXFileReference; fileEncoding = 4; lastKnownFileType = sourcecode.c.h; path = Signals.h; sourceTree = "<group>"; };
		3D2F4DAA2088810A00616E4E /* WldList.h */ = {isa = PBXFileReference; fileEncoding = 4; lastKnownFileType = sourcecode.c.h; path = WldList.h; sourceTree = "<group>"; };
		3D2F4DAB2088810A00616E4E /* IdentityFriendRequestAccept.m */ = {isa = PBXFileReference; fileEncoding = 4; lastKnownFileType = sourcecode.c.objc; path = IdentityFriendRequestAccept.m; sourceTree = "<group>"; };
		3D2F4DAC2088810A00616E4E /* WldClear.m */ = {isa = PBXFileReference; fileEncoding = 4; lastKnownFileType = sourcecode.c.objc; path = WldClear.m; sourceTree = "<group>"; };
		3D2F4DAD2088810A00616E4E /* IdentityFriendRequestList.h */ = {isa = PBXFileReference; fileEncoding = 4; lastKnownFileType = sourcecode.c.h; path = IdentityFriendRequestList.h; sourceTree = "<group>"; };
		3D2F4DAE2088810A00616E4E /* MistApi.m */ = {isa = PBXFileReference; fileEncoding = 4; lastKnownFileType = sourcecode.c.objc; path = MistApi.m; sourceTree = "<group>"; };
		3D2F4DAF2088810A00616E4E /* WishRequest.m */ = {isa = PBXFileReference; fileEncoding = 4; lastKnownFileType = sourcecode.c.objc; path = WishRequest.m; sourceTree = "<group>"; };
		3D2F4DB02088810A00616E4E /* MistApiResponseHandler.h */ = {isa = PBXFileReference; fileEncoding = 4; lastKnownFileType = sourcecode.c.h; path = MistApiResponseHandler.h; sourceTree = "<group>"; };
		3D2F4DB12088810A00616E4E /* MistRequest.h */ = {isa = PBXFileReference; fileEncoding = 4; lastKnownFileType = sourcecode.c.h; path = MistRequest.h; sourceTree = "<group>"; };
		3D2F4DBB2088821300616E4E /* MistPort.h */ = {isa = PBXFileReference; lastKnownFileType = sourcecode.c.h; path = MistPort.h; sourceTree = "<group>"; };
		3D2F4DBC2088826900616E4E /* MistPort.m */ = {isa = PBXFileReference; lastKnownFileType = sourcecode.c.objc; path = MistPort.m; sourceTree = "<group>"; };
		3D48109A20EA3D100048B3CF /* PassthroughRequest.h */ = {isa = PBXFileReference; lastKnownFileType = sourcecode.c.h; path = PassthroughRequest.h; sourceTree = "<group>"; };
		3D48109B20EA3DBF0048B3CF /* PassthroughRequest.m */ = {isa = PBXFileReference; lastKnownFileType = sourcecode.c.objc; path = PassthroughRequest.m; sourceTree = "<group>"; };
		3D5FE2152088D48A00A4C720 /* README.md */ = {isa = PBXFileReference; lastKnownFileType = net.daringfireball.markdown; path = README.md; sourceTree = "<group>"; };
		3DAC75432085DDC400A9CEC7 /* libMistApi.a */ = {isa = PBXFileReference; explicitFileType = archive.ar; includeInIndex = 0; path = libMistApi.a; sourceTree = BUILT_PRODUCTS_DIR; };
		3DB97643215A7A4100C761DA /* x509_create.c */ = {isa = PBXFileReference; fileEncoding = 4; lastKnownFileType = sourcecode.c.c; path = x509_create.c; sourceTree = "<group>"; };
		3DB97644215A7A4100C761DA /* x509_crt.c */ = {isa = PBXFileReference; fileEncoding = 4; lastKnownFileType = sourcecode.c.c; path = x509_crt.c; sourceTree = "<group>"; };
		3DB97645215A7A4100C761DA /* aes.c */ = {isa = PBXFileReference; fileEncoding = 4; lastKnownFileType = sourcecode.c.c; path = aes.c; sourceTree = "<group>"; };
		3DB97646215A7A4100C761DA /* md4.c */ = {isa = PBXFileReference; fileEncoding = 4; lastKnownFileType = sourcecode.c.c; path = md4.c; sourceTree = "<group>"; };
		3DB97647215A7A4100C761DA /* ssl_srv.c */ = {isa = PBXFileReference; fileEncoding = 4; lastKnownFileType = sourcecode.c.c; path = ssl_srv.c; sourceTree = "<group>"; };
		3DB97648215A7A4100C761DA /* camellia.c */ = {isa = PBXFileReference; fileEncoding = 4; lastKnownFileType = sourcecode.c.c; path = camellia.c; sourceTree = "<group>"; };
		3DB97649215A7A4100C761DA /* pk_wrap.c */ = {isa = PBXFileReference; fileEncoding = 4; lastKnownFileType = sourcecode.c.c; path = pk_wrap.c; sourceTree = "<group>"; };
		3DB9764A215A7A4100C761DA /* pk.c */ = {isa = PBXFileReference; fileEncoding = 4; lastKnownFileType = sourcecode.c.c; path = pk.c; sourceTree = "<group>"; };
		3DB9764B215A7A4100C761DA /* ecdh.c */ = {isa = PBXFileReference; fileEncoding = 4; lastKnownFileType = sourcecode.c.c; path = ecdh.c; sourceTree = "<group>"; };
		3DB9764C215A7A4100C761DA /* ssl_tls.c */ = {isa = PBXFileReference; fileEncoding = 4; lastKnownFileType = sourcecode.c.c; path = ssl_tls.c; sourceTree = "<group>"; };
		3DB9764D215A7A4100C761DA /* x509_crl.c */ = {isa = PBXFileReference; fileEncoding = 4; lastKnownFileType = sourcecode.c.c; path = x509_crl.c; sourceTree = "<group>"; };
		3DB9764E215A7A4100C761DA /* cipher_wrap.c */ = {isa = PBXFileReference; fileEncoding = 4; lastKnownFileType = sourcecode.c.c; path = cipher_wrap.c; sourceTree = "<group>"; };
		3DB9764F215A7A4100C761DA /* des.c */ = {isa = PBXFileReference; fileEncoding = 4; lastKnownFileType = sourcecode.c.c; path = des.c; sourceTree = "<group>"; };
		3DB97650215A7A4100C761DA /* ssl_cookie.c */ = {isa = PBXFileReference; fileEncoding = 4; lastKnownFileType = sourcecode.c.c; path = ssl_cookie.c; sourceTree = "<group>"; };
		3DB97651215A7A4100C761DA /* Makefile */ = {isa = PBXFileReference; fileEncoding = 4; lastKnownFileType = sourcecode.make; path = Makefile; sourceTree = "<group>"; };
		3DB97652215A7A4100C761DA /* ctr_drbg.c */ = {isa = PBXFileReference; fileEncoding = 4; lastKnownFileType = sourcecode.c.c; path = ctr_drbg.c; sourceTree = "<group>"; };
		3DB97653215A7A4100C761DA /* aesni.c */ = {isa = PBXFileReference; fileEncoding = 4; lastKnownFileType = sourcecode.c.c; path = aesni.c; sourceTree = "<group>"; };
		3DB97654215A7A4100C761DA /* dhm.c */ = {isa = PBXFileReference; fileEncoding = 4; lastKnownFileType = sourcecode.c.c; path = dhm.c; sourceTree = "<group>"; };
		3DB97655215A7A4100C761DA /* ssl_cache.c */ = {isa = PBXFileReference; fileEncoding = 4; lastKnownFileType = sourcecode.c.c; path = ssl_cache.c; sourceTree = "<group>"; };
		3DB97656215A7A4100C761DA /* ssl_ciphersuites.c */ = {isa = PBXFileReference; fileEncoding = 4; lastKnownFileType = sourcecode.c.c; path = ssl_ciphersuites.c; sourceTree = "<group>"; };
		3DB97657215A7A4100C761DA /* hmac_drbg.c */ = {isa = PBXFileReference; fileEncoding = 4; lastKnownFileType = sourcecode.c.c; path = hmac_drbg.c; sourceTree = "<group>"; };
		3DB97658215A7A4100C761DA /* rsa.c */ = {isa = PBXFileReference; fileEncoding = 4; lastKnownFileType = sourcecode.c.c; path = rsa.c; sourceTree = "<group>"; };
		3DB97659215A7A4100C761DA /* ssl_ticket.c */ = {isa = PBXFileReference; fileEncoding = 4; lastKnownFileType = sourcecode.c.c; path = ssl_ticket.c; sourceTree = "<group>"; };
		3DB9765A215A7A4100C761DA /* asn1parse.c */ = {isa = PBXFileReference; fileEncoding = 4; lastKnownFileType = sourcecode.c.c; path = asn1parse.c; sourceTree = "<group>"; };
		3DB9765B215A7A4100C761DA /* certs.c */ = {isa = PBXFileReference; fileEncoding = 4; lastKnownFileType = sourcecode.c.c; path = certs.c; sourceTree = "<group>"; };
		3DB9765C215A7A4100C761DA /* pkwrite.c */ = {isa = PBXFileReference; fileEncoding = 4; lastKnownFileType = sourcecode.c.c; path = pkwrite.c; sourceTree = "<group>"; };
		3DB9765D215A7A4100C761DA /* gcm.c */ = {isa = PBXFileReference; fileEncoding = 4; lastKnownFileType = sourcecode.c.c; path = gcm.c; sourceTree = "<group>"; };
		3DB9765E215A7A4100C761DA /* sha1.c */ = {isa = PBXFileReference; fileEncoding = 4; lastKnownFileType = sourcecode.c.c; path = sha1.c; sourceTree = "<group>"; };
		3DB9765F215A7A4100C761DA /* asn1write.c */ = {isa = PBXFileReference; fileEncoding = 4; lastKnownFileType = sourcecode.c.c; path = asn1write.c; sourceTree = "<group>"; };
		3DB97660215A7A4100C761DA /* havege.c */ = {isa = PBXFileReference; fileEncoding = 4; lastKnownFileType = sourcecode.c.c; path = havege.c; sourceTree = "<group>"; };
		3DB97661215A7A4100C761DA /* ccm.c */ = {isa = PBXFileReference; fileEncoding = 4; lastKnownFileType = sourcecode.c.c; path = ccm.c; sourceTree = "<group>"; };
		3DB97662215A7A4100C761DA /* version_features.c */ = {isa = PBXFileReference; fileEncoding = 4; lastKnownFileType = sourcecode.c.c; path = version_features.c; sourceTree = "<group>"; };
		3DB97663215A7A4100C761DA /* entropy_poll.c */ = {isa = PBXFileReference; fileEncoding = 4; lastKnownFileType = sourcecode.c.c; path = entropy_poll.c; sourceTree = "<group>"; };
		3DB97664215A7A4100C761DA /* x509write_csr.c */ = {isa = PBXFileReference; fileEncoding = 4; lastKnownFileType = sourcecode.c.c; path = x509write_csr.c; sourceTree = "<group>"; };
		3DB97665215A7A4100C761DA /* platform.c */ = {isa = PBXFileReference; fileEncoding = 4; lastKnownFileType = sourcecode.c.c; path = platform.c; sourceTree = "<group>"; };
		3DB97666215A7A4100C761DA /* bignum.c */ = {isa = PBXFileReference; fileEncoding = 4; lastKnownFileType = sourcecode.c.c; path = bignum.c; sourceTree = "<group>"; };
		3DB97667215A7A4100C761DA /* pkparse.c */ = {isa = PBXFileReference; fileEncoding = 4; lastKnownFileType = sourcecode.c.c; path = pkparse.c; sourceTree = "<group>"; };
		3DB97668215A7A4100C761DA /* debug.c */ = {isa = PBXFileReference; fileEncoding = 4; lastKnownFileType = sourcecode.c.c; path = debug.c; sourceTree = "<group>"; };
		3DB97669215A7A4100C761DA /* ripemd160.c */ = {isa = PBXFileReference; fileEncoding = 4; lastKnownFileType = sourcecode.c.c; path = ripemd160.c; sourceTree = "<group>"; };
		3DB9766A215A7A4100C761DA /* ssl_cli.c */ = {isa = PBXFileReference; fileEncoding = 4; lastKnownFileType = sourcecode.c.c; path = ssl_cli.c; sourceTree = "<group>"; };
		3DB9766B215A7A4100C761DA /* blowfish.c */ = {isa = PBXFileReference; fileEncoding = 4; lastKnownFileType = sourcecode.c.c; path = blowfish.c; sourceTree = "<group>"; };
		3DB9766C215A7A4100C761DA /* pkcs5.c */ = {isa = PBXFileReference; fileEncoding = 4; lastKnownFileType = sourcecode.c.c; path = pkcs5.c; sourceTree = "<group>"; };
		3DB9766D215A7A4100C761DA /* pem.c */ = {isa = PBXFileReference; fileEncoding = 4; lastKnownFileType = sourcecode.c.c; path = pem.c; sourceTree = "<group>"; };
		3DB9766E215A7A4100C761DA /* .gitignore */ = {isa = PBXFileReference; fileEncoding = 4; lastKnownFileType = text; path = .gitignore; sourceTree = "<group>"; };
		3DB9766F215A7A4100C761DA /* oid.c */ = {isa = PBXFileReference; fileEncoding = 4; lastKnownFileType = sourcecode.c.c; path = oid.c; sourceTree = "<group>"; };
		3DB97670215A7A4100C761DA /* error.c */ = {isa = PBXFileReference; fileEncoding = 4; lastKnownFileType = sourcecode.c.c; path = error.c; sourceTree = "<group>"; };
		3DB97671215A7A4100C761DA /* md2.c */ = {isa = PBXFileReference; fileEncoding = 4; lastKnownFileType = sourcecode.c.c; path = md2.c; sourceTree = "<group>"; };
		3DB97672215A7A4100C761DA /* md_wrap.c */ = {isa = PBXFileReference; fileEncoding = 4; lastKnownFileType = sourcecode.c.c; path = md_wrap.c; sourceTree = "<group>"; };
		3DB97673215A7A4100C761DA /* x509_csr.c */ = {isa = PBXFileReference; fileEncoding = 4; lastKnownFileType = sourcecode.c.c; path = x509_csr.c; sourceTree = "<group>"; };
		3DB97674215A7A4100C761DA /* pkcs11.c */ = {isa = PBXFileReference; fileEncoding = 4; lastKnownFileType = sourcecode.c.c; path = pkcs11.c; sourceTree = "<group>"; };
		3DB97675215A7A4100C761DA /* base64.c */ = {isa = PBXFileReference; fileEncoding = 4; lastKnownFileType = sourcecode.c.c; path = base64.c; sourceTree = "<group>"; };
		3DB97676215A7A4100C761DA /* memory_buffer_alloc.c */ = {isa = PBXFileReference; fileEncoding = 4; lastKnownFileType = sourcecode.c.c; path = memory_buffer_alloc.c; sourceTree = "<group>"; };
		3DB97677215A7A4100C761DA /* net.c */ = {isa = PBXFileReference; fileEncoding = 4; lastKnownFileType = sourcecode.c.c; path = net.c; sourceTree = "<group>"; };
		3DB97678215A7A4100C761DA /* ecp.c */ = {isa = PBXFileReference; fileEncoding = 4; lastKnownFileType = sourcecode.c.c; path = ecp.c; sourceTree = "<group>"; };
		3DB97679215A7A4100C761DA /* version.c */ = {isa = PBXFileReference; fileEncoding = 4; lastKnownFileType = sourcecode.c.c; path = version.c; sourceTree = "<group>"; };
		3DB9767A215A7A4100C761DA /* x509.c */ = {isa = PBXFileReference; fileEncoding = 4; lastKnownFileType = sourcecode.c.c; path = x509.c; sourceTree = "<group>"; };
		3DB9767B215A7A4100C761DA /* sha256.c */ = {isa = PBXFileReference; fileEncoding = 4; lastKnownFileType = sourcecode.c.c; path = sha256.c; sourceTree = "<group>"; };
		3DB9767C215A7A4100C761DA /* ecp_curves.c */ = {isa = PBXFileReference; fileEncoding = 4; lastKnownFileType = sourcecode.c.c; path = ecp_curves.c; sourceTree = "<group>"; };
		3DB9767D215A7A4100C761DA /* md5.c */ = {isa = PBXFileReference; fileEncoding = 4; lastKnownFileType = sourcecode.c.c; path = md5.c; sourceTree = "<group>"; };
		3DB9767E215A7A4100C761DA /* arc4.c */ = {isa = PBXFileReference; fileEncoding = 4; lastKnownFileType = sourcecode.c.c; path = arc4.c; sourceTree = "<group>"; };
		3DB9767F215A7A4100C761DA /* timing.c */ = {isa = PBXFileReference; fileEncoding = 4; lastKnownFileType = sourcecode.c.c; path = timing.c; sourceTree = "<group>"; };
		3DB97680215A7A4100C761DA /* xtea.c */ = {isa = PBXFileReference; fileEncoding = 4; lastKnownFileType = sourcecode.c.c; path = xtea.c; sourceTree = "<group>"; };
		3DB97681215A7A4100C761DA /* x509write_crt.c */ = {isa = PBXFileReference; fileEncoding = 4; lastKnownFileType = sourcecode.c.c; path = x509write_crt.c; sourceTree = "<group>"; };
		3DB97682215A7A4100C761DA /* threading.c */ = {isa = PBXFileReference; fileEncoding = 4; lastKnownFileType = sourcecode.c.c; path = threading.c; sourceTree = "<group>"; };
		3DB97683215A7A4100C761DA /* CMakeLists.txt */ = {isa = PBXFileReference; fileEncoding = 4; lastKnownFileType = text; path = CMakeLists.txt; sourceTree = "<group>"; };
		3DB97684215A7A4100C761DA /* padlock.c */ = {isa = PBXFileReference; fileEncoding = 4; lastKnownFileType = sourcecode.c.c; path = padlock.c; sourceTree = "<group>"; };
		3DB97685215A7A4100C761DA /* pkcs12.c */ = {isa = PBXFileReference; fileEncoding = 4; lastKnownFileType = sourcecode.c.c; path = pkcs12.c; sourceTree = "<group>"; };
		3DB97686215A7A4100C761DA /* entropy.c */ = {isa = PBXFileReference; fileEncoding = 4; lastKnownFileType = sourcecode.c.c; path = entropy.c; sourceTree = "<group>"; };
		3DB97687215A7A4100C761DA /* sha512.c */ = {isa = PBXFileReference; fileEncoding = 4; lastKnownFileType = sourcecode.c.c; path = sha512.c; sourceTree = "<group>"; };
		3DB97688215A7A4100C761DA /* md.c */ = {isa = PBXFileReference; fileEncoding = 4; lastKnownFileType = sourcecode.c.c; path = md.c; sourceTree = "<group>"; };
		3DB97689215A7A4100C761DA /* cipher.c */ = {isa = PBXFileReference; fileEncoding = 4; lastKnownFileType = sourcecode.c.c; path = cipher.c; sourceTree = "<group>"; };
		3DB9768A215A7A4100C761DA /* ecdsa.c */ = {isa = PBXFileReference; fileEncoding = 4; lastKnownFileType = sourcecode.c.c; path = ecdsa.c; sourceTree = "<group>"; };
		3DB976D1215A7AB100C761DA /* sha512.h */ = {isa = PBXFileReference; fileEncoding = 4; lastKnownFileType = sourcecode.c.h; path = sha512.h; sourceTree = "<group>"; };
		3DB976D2215A7AB100C761DA /* sha512.c */ = {isa = PBXFileReference; fileEncoding = 4; lastKnownFileType = sourcecode.c.c; path = sha512.c; sourceTree = "<group>"; };
		3DB976EA215D0B3D00C761DA /* mist_api_persistence.c */ = {isa = PBXFileReference; fileEncoding = 4; lastKnownFileType = sourcecode.c.c; name = mist_api_persistence.c; path = "mist-c99/src/mist_api_persistence.c"; sourceTree = SOURCE_ROOT; };
		3DB976EB215D0B3D00C761DA /* mist_api_persistence.h */ = {isa = PBXFileReference; fileEncoding = 4; lastKnownFileType = sourcecode.c.h; name = mist_api_persistence.h; path = "mist-c99/src/mist_api_persistence.h"; sourceTree = SOURCE_ROOT; };
		3DCE5FA2208E038700372643 /* Sandbox.h */ = {isa = PBXFileReference; lastKnownFileType = sourcecode.c.h; path = Sandbox.h; sourceTree = "<group>"; };
		3DCE5FA3208E040C00372643 /* Sandbox.m */ = {isa = PBXFileReference; lastKnownFileType = sourcecode.c.objc; path = Sandbox.m; sourceTree = "<group>"; };
		3DF201852093559C00B33336 /* mist_api_commission.h */ = {isa = PBXFileReference; fileEncoding = 4; lastKnownFileType = sourcecode.c.h; path = mist_api_commission.h; sourceTree = "<group>"; };
		3DF201862093559C00B33336 /* mist_api_commission.c */ = {isa = PBXFileReference; fileEncoding = 4; lastKnownFileType = sourcecode.c.c; path = mist_api_commission.c; sourceTree = "<group>"; };
		3DF20188209355ED00B33336 /* mist_port.h */ = {isa = PBXFileReference; fileEncoding = 4; lastKnownFileType = sourcecode.c.h; path = mist_port.h; sourceTree = "<group>"; };
/* End PBXFileReference section */

/* Begin PBXFrameworksBuildPhase section */
		3DAC75402085DDC400A9CEC7 /* Frameworks */ = {
			isa = PBXFrameworksBuildPhase;
			buildActionMask = 2147483647;
			files = (
			);
			runOnlyForDeploymentPostprocessing = 0;
		};
/* End PBXFrameworksBuildPhase section */

/* Begin PBXGroup section */
		3D2F4CBE20887BB000616E4E /* src */ = {
			isa = PBXGroup;
			children = (
				3DF20188209355ED00B33336 /* mist_port.h */,
				3DF201862093559C00B33336 /* mist_api_commission.c */,
				3DF201852093559C00B33336 /* mist_api_commission.h */,
				3D2F4CBF20887BB000616E4E /* mist_app_control.h */,
				3D2F4CC020887BB000616E4E /* mist_api.h */,
				3D2F4CC120887BB000616E4E /* version.h */,
				3D2F4CC220887BB000616E4E /* mist_api_sandbox.c */,
				3D2F4CC320887BB000616E4E /* mist_model.c */,
				3D2F4CC720887BB000616E4E /* mist_handler.h */,
				3D2F4CC820887BB000616E4E /* mist_mapping.c */,
				3D2F4CC920887BB000616E4E /* mist_follow.c */,
				3D2F4CCA20887BB000616E4E /* mist_app_manage.h */,
				3D2F4CCB20887BB000616E4E /* mist_app.c */,
				3D2F4CCC20887BB000616E4E /* mist_defs.h */,
				3D2F4CCD20887BB000616E4E /* sandbox.c */,
				3D2F4CCE20887BB000616E4E /* mist_api.c */,
				3D2F4CCF20887BB000616E4E /* mist_app_control.c */,
				3D2F4CD020887BB000616E4E /* mist_model.h */,
				3D2F4CD120887BB000616E4E /* mist_api_sandbox.h */,
				3D2F4CD220887BB000616E4E /* mist_follow.h */,
				3D2F4CD320887BB000616E4E /* mist_handler.c */,
				3D2F4CD420887BB000616E4E /* mist_mapping.h */,
				3D2F4CD520887BB000616E4E /* sandbox.h */,
				3D2F4CD620887BB000616E4E /* mist_app.h */,
				3D2F4CD720887BB000616E4E /* mist_app_manage.c */,
			);
			name = src;
			path = "mist-c99/src";
			sourceTree = "<group>";
		};
		3D2F4CE320887BCB00616E4E /* wish_app */ = {
			isa = PBXGroup;
			children = (
				3D2F4CE420887BCB00616E4E /* wish_protocol.h */,
				3D2F4CE520887BCB00616E4E /* wish_acl.h */,
				3D2F4CE620887BCB00616E4E /* wish_app.h */,
				3D2F4CE720887BCB00616E4E /* app_service_ipc.h */,
				3D2F4CE820887BCB00616E4E /* wish_protocol.c */,
				3D2F4CE920887BCB00616E4E /* wish_app.c */,
			);
			name = wish_app;
			path = "mist-c99/wish_app";
			sourceTree = "<group>";
		};
		3D2F4CEC20887C2700616E4E /* bson */ = {
			isa = PBXGroup;
			children = (
				3D2F4CED20887C2700616E4E /* bson.h */,
				3D2F4CEE20887C2700616E4E /* bson_visit.c */,
				3D2F4CEF20887C2700616E4E /* encoding.h */,
				3D2F4CF020887C2700616E4E /* bson.c */,
				3D2F4CF120887C2700616E4E /* bson_visit.h */,
				3D2F4CF220887C2700616E4E /* encoding.c */,
			);
			name = bson;
			path = "wish-c99/deps/bson";
			sourceTree = "<group>";
		};
		3D2F4CF620887C4300616E4E /* src */ = {
			isa = PBXGroup;
			children = (
				3D2F4CF720887C4300616E4E /* wish_time.c */,
				3D2F4CF820887C4300616E4E /* wish_utils.c */,
				3D2F4CF920887C4300616E4E /* wish_fs.c */,
				3D2F4CFA20887C4300616E4E /* wish_connection.c */,
				3D2F4CFB20887C4300616E4E /* wish_core_rpc.h */,
				3D2F4CFC20887C4300616E4E /* wish_identity.c */,
				3D2F4CFD20887C4300616E4E /* wish_dispatcher.h */,
				3D2F4CFE20887C4300616E4E /* wish_debug.c */,
				3D2F4CFF20887C4300616E4E /* wish_core.c */,
				3D2F4D0020887C4300616E4E /* wish_api_connections.c */,
				3D2F4D0120887C4300616E4E /* rb.h */,
				3D2F4D0220887C4300616E4E /* wish_api_relay.h */,
				3D2F4D0320887C4300616E4E /* wish_platform_attributes.h */,
				3D2F4D0420887C4300616E4E /* wish_core_app_rpc.h */,
				3D2F4D0520887C4300616E4E /* wish_api_identity.c */,
				3D2F4D0620887C4300616E4E /* wish_acl.h */,
				3D2F4D0720887C4300616E4E /* wish_core_signals.h */,
				3D2F4D0820887C4300616E4E /* wish_local_discovery.h */,
				3D2F4D0920887C4300616E4E /* wish_event.c */,
				3D2F4D0A20887C4300616E4E /* wish_api_wld.c */,
				3D2F4D0B20887C4300616E4E /* wish_service_registry.h */,
				3D2F4D0C20887C4300616E4E /* wish_directory.h */,
				3D2F4D0D20887C4300616E4E /* wish_ip_addr.h */,
				3D2F4D0E20887C4300616E4E /* wish_relationship.h */,
				3D2F4D0F20887C4300616E4E /* wish_config.c */,
				3D2F4D1020887C4300616E4E /* wish_platform.c */,
				3D2F4D1120887C4300616E4E /* wish_api_services.h */,
				3D2F4D1220887C4300616E4E /* wish_relay_client.h */,
				3D2F4D1320887C4300616E4E /* wish_connection_mgr.h */,
				3D2F4D1420887C4300616E4E /* wish_core.h */,
				3D2F4D1520887C4300616E4E /* wish_debug.h */,
				3D2F4D1620887C4300616E4E /* wish_api_relay.c */,
				3D2F4D1720887C4300616E4E /* rb.c */,
				3D2F4D1820887C4300616E4E /* wish_api_connections.h */,
				3D2F4D1920887C4300616E4E /* wish_dispatcher.c */,
				3D2F4D1A20887C4300616E4E /* wish_connection.h */,
				3D2F4D1B20887C4300616E4E /* wish_utils.h */,
				3D2F4D1C20887C4300616E4E /* wish_fs.h */,
				3D2F4D1D20887C4300616E4E /* wish_identity.h */,
				3D2F4D1E20887C4300616E4E /* wish_core_rpc.c */,
				3D2F4D1F20887C4300616E4E /* wish_time.h */,
				3D2F4D2020887C4300616E4E /* wish_local_discovery.c */,
				3D2F4D2120887C4300616E4E /* wish_event.h */,
				3D2F4D2220887C4300616E4E /* wish_return.h */,
				3D2F4D2320887C4300616E4E /* wish_core_signals.c */,
				3D2F4D2420887C4300616E4E /* wish_api_identity.h */,
				3D2F4D2520887C4300616E4E /* wish_core_app_rpc.c */,
				3D2F4D2620887C4300616E4E /* core_service_ipc.h */,
				3D2F4D2720887C4300616E4E /* wish_acl.c */,
				3D2F4D2820887C4300616E4E /* wish_directory.c */,
				3D2F4D2920887C4300616E4E /* wish_relationship.c */,
				3D2F4D2A20887C4300616E4E /* wish_api_wld.h */,
				3D2F4D2B20887C4300616E4E /* wish_service_registry.c */,
				3D2F4D2C20887C4300616E4E /* wish_connection_mgr.c */,
				3D2F4D2D20887C4300616E4E /* wish_api_services.c */,
				3D2F4D2E20887C4300616E4E /* wish_platform.h */,
				3D2F4D2F20887C4300616E4E /* wish_relay_client.c */,
				3D2F4D3020887C4300616E4E /* wish_version.h */,
				3D2F4D3120887C4300616E4E /* wish_config.h */,
			);
			name = src;
			path = "wish-c99/src";
			sourceTree = "<group>";
		};
		3D2F4D6C20887C6800616E4E /* src */ = {
			isa = PBXGroup;
			children = (
				3DB976EA215D0B3D00C761DA /* mist_api_persistence.c */,
				3DB976EB215D0B3D00C761DA /* mist_api_persistence.h */,
				3DB976D2215A7AB100C761DA /* sha512.c */,
				3DB976D1215A7AB100C761DA /* sha512.h */,
				3D2F4D6E20887C6800616E4E /* precomp_data.h */,
				3D2F4D6F20887C6800616E4E /* seed.c */,
				3D2F4D7020887C6800616E4E /* fe.c */,
				3D2F4D7120887C6800616E4E /* verify.c */,
				3D2F4D7220887C6800616E4E /* ge.c */,
				3D2F4D7320887C6800616E4E /* sc.c */,
				3D2F4D7420887C6800616E4E /* sign.c */,
				3D2F4D7520887C6800616E4E /* key_exchange.c */,
				3D2F4D7620887C6800616E4E /* add_scalar.c */,
				3D2F4D7720887C6800616E4E /* ed25519.h */,
				3D2F4D7920887C6800616E4E /* fe.h */,
				3D2F4D7A20887C6800616E4E /* keypair.c */,
				3D2F4D7B20887C6800616E4E /* fixedint.h */,
				3D2F4D7C20887C6800616E4E /* sc.h */,
				3D2F4D7D20887C6800616E4E /* ge.h */,
			);
			name = src;
			path = "wish-c99/deps/ed25519/src";
			sourceTree = "<group>";
		};
		3D2F4D8820887CC000616E4E /* src */ = {
			isa = PBXGroup;
			children = (
				3D2F4D8920887CC000616E4E /* wish_rpc.c */,
				3D2F4D8A20887CC000616E4E /* wish_rpc.h */,
			);
			name = src;
			path = "wish-c99/deps/wish-rpc-c99/src";
			sourceTree = "<group>";
		};
		3D2F4D8C20887D5A00616E4E /* ios_port */ = {
			isa = PBXGroup;
			children = (
				3D2F4D8D20887D5A00616E4E /* fs_port.h */,
				3D2F4D8E20887D5A00616E4E /* network.c */,
				3D2F4D8F20887D5A00616E4E /* port_service_ipc.h */,
				3D2F4D9020887D5A00616E4E /* app_server.c */,
				3D2F4D9120887D5A00616E4E /* fs_port.c */,
				3D2F4D9220887D5A00616E4E /* event.c */,
				3D2F4D9320887D5A00616E4E /* app_server.h */,
				3D2F4D9420887D5A00616E4E /* relay_client.c */,
				3D2F4D9520887D5A00616E4E /* port_service_ipc.c */,
				3D2F4D9620887D5A00616E4E /* wish_port_config.h */,
				3D2F4D9720887D5A00616E4E /* app.c */,
			);
			path = ios_port;
			sourceTree = "<group>";
		};
		3D2F4D9F2088810A00616E4E /* MistApi */ = {
			isa = PBXGroup;
			children = (
				3D2F4DA02088810A00616E4E /* WishRequest.h */,
				3D2F4DA12088810A00616E4E /* MistApi.h */,
				3D2F4DA22088810A00616E4E /* MistRequest.m */,
				3D2F4DA32088810A00616E4E /* request */,
				3D2F4DAE2088810A00616E4E /* MistApi.m */,
				3D48109A20EA3D100048B3CF /* PassthroughRequest.h */,
				3D48109B20EA3DBF0048B3CF /* PassthroughRequest.m */,
				3D2F4DAF2088810A00616E4E /* WishRequest.m */,
				3D2F4DB02088810A00616E4E /* MistApiResponseHandler.h */,
				3D2F4DB12088810A00616E4E /* MistRequest.h */,
				3DCE5FA2208E038700372643 /* Sandbox.h */,
				3DCE5FA3208E040C00372643 /* Sandbox.m */,
			);
			path = MistApi;
			sourceTree = "<group>";
		};
		3D2F4DA32088810A00616E4E /* request */ = {
			isa = PBXGroup;
			children = (
				3D2F4DA42088810A00616E4E /* Signals.m */,
				3D2F4DA52088810A00616E4E /* IdentityFriendRequestAccept.h */,
				3D2F4DA62088810A00616E4E /* WldList.m */,
				3D2F4DA72088810A00616E4E /* WldClear.h */,
				3D2F4DA82088810A00616E4E /* IdentityFriendRequestList.m */,
				3D2F4DA92088810A00616E4E /* Signals.h */,
				3D2F4DAA2088810A00616E4E /* WldList.h */,
				3D2F4DAB2088810A00616E4E /* IdentityFriendRequestAccept.m */,
				3D2F4DAC2088810A00616E4E /* WldClear.m */,
				3D2F4DAD2088810A00616E4E /* IdentityFriendRequestList.h */,
			);
			path = request;
			sourceTree = "<group>";
		};
		3D2F4DDE20889EEC00616E4E /* Frameworks */ = {
			isa = PBXGroup;
			children = (
			);
			name = Frameworks;
			sourceTree = "<group>";
		};
		3DAC753A2085DDC400A9CEC7 = {
			isa = PBXGroup;
			children = (
				3DB97642215A7A4100C761DA /* library */,
				3D5FE2152088D48A00A4C720 /* README.md */,
				3D2F4DBC2088826900616E4E /* MistPort.m */,
				3D2F4DBB2088821300616E4E /* MistPort.h */,
				3D2F4D9F2088810A00616E4E /* MistApi */,
				3D2F4D8C20887D5A00616E4E /* ios_port */,
				3D2F4CF620887C4300616E4E /* src */,
				3D2F4D6C20887C6800616E4E /* src */,
				3D2F4D8820887CC000616E4E /* src */,
				3D2F4CEC20887C2700616E4E /* bson */,
				3D2F4CE320887BCB00616E4E /* wish_app */,
				3D2F4CBE20887BB000616E4E /* src */,
				3DAC75442085DDC400A9CEC7 /* Products */,
				3D2F4DDE20889EEC00616E4E /* Frameworks */,
			);
			sourceTree = "<group>";
		};
		3DAC75442085DDC400A9CEC7 /* Products */ = {
			isa = PBXGroup;
			children = (
				3DAC75432085DDC400A9CEC7 /* libMistApi.a */,
			);
			name = Products;
			sourceTree = "<group>";
		};
		3DB97642215A7A4100C761DA /* library */ = {
			isa = PBXGroup;
			children = (
				3DB97643215A7A4100C761DA /* x509_create.c */,
				3DB97644215A7A4100C761DA /* x509_crt.c */,
				3DB97645215A7A4100C761DA /* aes.c */,
				3DB97646215A7A4100C761DA /* md4.c */,
				3DB97647215A7A4100C761DA /* ssl_srv.c */,
				3DB97648215A7A4100C761DA /* camellia.c */,
				3DB97649215A7A4100C761DA /* pk_wrap.c */,
				3DB9764A215A7A4100C761DA /* pk.c */,
				3DB9764B215A7A4100C761DA /* ecdh.c */,
				3DB9764C215A7A4100C761DA /* ssl_tls.c */,
				3DB9764D215A7A4100C761DA /* x509_crl.c */,
				3DB9764E215A7A4100C761DA /* cipher_wrap.c */,
				3DB9764F215A7A4100C761DA /* des.c */,
				3DB97650215A7A4100C761DA /* ssl_cookie.c */,
				3DB97651215A7A4100C761DA /* Makefile */,
				3DB97652215A7A4100C761DA /* ctr_drbg.c */,
				3DB97653215A7A4100C761DA /* aesni.c */,
				3DB97654215A7A4100C761DA /* dhm.c */,
				3DB97655215A7A4100C761DA /* ssl_cache.c */,
				3DB97656215A7A4100C761DA /* ssl_ciphersuites.c */,
				3DB97657215A7A4100C761DA /* hmac_drbg.c */,
				3DB97658215A7A4100C761DA /* rsa.c */,
				3DB97659215A7A4100C761DA /* ssl_ticket.c */,
				3DB9765A215A7A4100C761DA /* asn1parse.c */,
				3DB9765B215A7A4100C761DA /* certs.c */,
				3DB9765C215A7A4100C761DA /* pkwrite.c */,
				3DB9765D215A7A4100C761DA /* gcm.c */,
				3DB9765E215A7A4100C761DA /* sha1.c */,
				3DB9765F215A7A4100C761DA /* asn1write.c */,
				3DB97660215A7A4100C761DA /* havege.c */,
				3DB97661215A7A4100C761DA /* ccm.c */,
				3DB97662215A7A4100C761DA /* version_features.c */,
				3DB97663215A7A4100C761DA /* entropy_poll.c */,
				3DB97664215A7A4100C761DA /* x509write_csr.c */,
				3DB97665215A7A4100C761DA /* platform.c */,
				3DB97666215A7A4100C761DA /* bignum.c */,
				3DB97667215A7A4100C761DA /* pkparse.c */,
				3DB97668215A7A4100C761DA /* debug.c */,
				3DB97669215A7A4100C761DA /* ripemd160.c */,
				3DB9766A215A7A4100C761DA /* ssl_cli.c */,
				3DB9766B215A7A4100C761DA /* blowfish.c */,
				3DB9766C215A7A4100C761DA /* pkcs5.c */,
				3DB9766D215A7A4100C761DA /* pem.c */,
				3DB9766E215A7A4100C761DA /* .gitignore */,
				3DB9766F215A7A4100C761DA /* oid.c */,
				3DB97670215A7A4100C761DA /* error.c */,
				3DB97671215A7A4100C761DA /* md2.c */,
				3DB97672215A7A4100C761DA /* md_wrap.c */,
				3DB97673215A7A4100C761DA /* x509_csr.c */,
				3DB97674215A7A4100C761DA /* pkcs11.c */,
				3DB97675215A7A4100C761DA /* base64.c */,
				3DB97676215A7A4100C761DA /* memory_buffer_alloc.c */,
				3DB97677215A7A4100C761DA /* net.c */,
				3DB97678215A7A4100C761DA /* ecp.c */,
				3DB97679215A7A4100C761DA /* version.c */,
				3DB9767A215A7A4100C761DA /* x509.c */,
				3DB9767B215A7A4100C761DA /* sha256.c */,
				3DB9767C215A7A4100C761DA /* ecp_curves.c */,
				3DB9767D215A7A4100C761DA /* md5.c */,
				3DB9767E215A7A4100C761DA /* arc4.c */,
				3DB9767F215A7A4100C761DA /* timing.c */,
				3DB97680215A7A4100C761DA /* xtea.c */,
				3DB97681215A7A4100C761DA /* x509write_crt.c */,
				3DB97682215A7A4100C761DA /* threading.c */,
				3DB97683215A7A4100C761DA /* CMakeLists.txt */,
				3DB97684215A7A4100C761DA /* padlock.c */,
				3DB97685215A7A4100C761DA /* pkcs12.c */,
				3DB97686215A7A4100C761DA /* entropy.c */,
				3DB97687215A7A4100C761DA /* sha512.c */,
				3DB97688215A7A4100C761DA /* md.c */,
				3DB97689215A7A4100C761DA /* cipher.c */,
				3DB9768A215A7A4100C761DA /* ecdsa.c */,
			);
			name = library;
			path = "wish-c99/deps/mbedtls/library";
			sourceTree = "<group>";
		};
/* End PBXGroup section */

/* Begin PBXNativeTarget section */
		3DAC75422085DDC400A9CEC7 /* MistApi */ = {
			isa = PBXNativeTarget;
			buildConfigurationList = 3DAC754C2085DDC500A9CEC7 /* Build configuration list for PBXNativeTarget "MistApi" */;
			buildPhases = (
				3DAC753F2085DDC400A9CEC7 /* Sources */,
				3DAC75402085DDC400A9CEC7 /* Frameworks */,
				3DAC75412085DDC400A9CEC7 /* CopyFiles */,
			);
			buildRules = (
			);
			dependencies = (
			);
			name = MistApi;
			productName = MistApi;
			productReference = 3DAC75432085DDC400A9CEC7 /* libMistApi.a */;
			productType = "com.apple.product-type.library.static";
		};
/* End PBXNativeTarget section */

/* Begin PBXProject section */
		3DAC753B2085DDC400A9CEC7 /* Project object */ = {
			isa = PBXProject;
			attributes = {
				LastUpgradeCheck = 0930;
				ORGANIZATIONNAME = ControlThings;
				TargetAttributes = {
					3D5FE2102088D32900A4C720 = {
						CreatedOnToolsVersion = 9.3;
					};
					3DAC75422085DDC400A9CEC7 = {
						CreatedOnToolsVersion = 9.3;
					};
				};
			};
			buildConfigurationList = 3DAC753E2085DDC400A9CEC7 /* Build configuration list for PBXProject "MistApi" */;
			compatibilityVersion = "Xcode 9.3";
			developmentRegion = en;
			hasScannedForEncodings = 0;
			knownRegions = (
				en,
				Base,
			);
			mainGroup = 3DAC753A2085DDC400A9CEC7;
			productRefGroup = 3DAC75442085DDC400A9CEC7 /* Products */;
			projectDirPath = "";
			projectRoot = "";
			targets = (
				3DAC75422085DDC400A9CEC7 /* MistApi */,
				3D5FE2102088D32900A4C720 /* UniversalBuild */,
			);
		};
/* End PBXProject section */

/* Begin PBXShellScriptBuildPhase section */
		3D5FE2142088D32D00A4C720 /* ShellScript */ = {
			isa = PBXShellScriptBuildPhase;
			buildActionMask = 2147483647;
			files = (
			);
			inputPaths = (
			);
			outputPaths = (
			);
			runOnlyForDeploymentPostprocessing = 0;
			shellPath = /bin/sh;
			shellScript = "# Source: https://www.raywenderlich.com/41377/creating-a-static-library-in-ios-tutorial\n# define output folder environment variable\nUNIVERSAL_OUTPUTFOLDER=${BUILD_DIR}/${CONFIGURATION}-universal\n\n# Step 1. Build Device and Simulator versions\nxcodebuild -target MistApi ONLY_ACTIVE_ARCH=NO -configuration ${CONFIGURATION} -sdk iphoneos  BUILD_DIR=\"${BUILD_DIR}\" BUILD_ROOT=\"${BUILD_ROOT}\"\nxcodebuild -target MistApi -configuration ${CONFIGURATION} -sdk iphonesimulator -arch x86_64 BUILD_DIR=\"${BUILD_DIR}\" BUILD_ROOT=\"${BUILD_ROOT}\"\n\n# make sure the output directory exists\nmkdir -p \"${UNIVERSAL_OUTPUTFOLDER}\"\n\n# Step 2. Create universal binary file using lipo\nlipo -create -output \"${UNIVERSAL_OUTPUTFOLDER}/lib${PROJECT_NAME}.a\" \"${BUILD_DIR}/${CONFIGURATION}-iphoneos/lib${PROJECT_NAME}.a\" \"${BUILD_DIR}/${CONFIGURATION}-iphonesimulator/lib${PROJECT_NAME}.a\"\n\n# Last touch. copy the header files. Just for convenience\ncp -R \"${BUILD_DIR}/${CONFIGURATION}-iphoneos/include\" \"${UNIVERSAL_OUTPUTFOLDER}/\"\n\n\nFINAL_DIR=${PROJECT_DIR}/universal_lib\nrm -r ${FINAL_DIR}\ncp -R ${UNIVERSAL_OUTPUTFOLDER} ${FINAL_DIR}\necho \"warning: The output dir is: \" ${FINAL_DIR}";
		};
/* End PBXShellScriptBuildPhase section */

/* Begin PBXSourcesBuildPhase section */
		3DAC753F2085DDC400A9CEC7 /* Sources */ = {
			isa = PBXSourcesBuildPhase;
			buildActionMask = 2147483647;
			files = (
				3DB976CA215A7A4100C761DA /* padlock.c in Sources */,
				3DB976B4215A7A4100C761DA /* pkcs5.c in Sources */,
				3DB97692215A7A4100C761DA /* pk.c in Sources */,
				3D2F4CD920887BB000616E4E /* mist_model.c in Sources */,
				3DB976B7215A7A4100C761DA /* error.c in Sources */,
				3DB976C0215A7A4100C761DA /* version.c in Sources */,
				3D2F4CDC20887BB100616E4E /* mist_follow.c in Sources */,
				3DB976B2215A7A4100C761DA /* ssl_cli.c in Sources */,
				3D2F4D4620887C4300616E4E /* wish_acl.c in Sources */,
				3DB9768C215A7A4100C761DA /* x509_crt.c in Sources */,
				3D2F4DB92088810A00616E4E /* WishRequest.m in Sources */,
				3DB976CC215A7A4100C761DA /* entropy.c in Sources */,
				3DB976C7215A7A4100C761DA /* xtea.c in Sources */,
				3D2F4CF420887C2700616E4E /* bson.c in Sources */,
				3D2F4CF320887C2700616E4E /* bson_visit.c in Sources */,
				3DB976BF215A7A4100C761DA /* ecp.c in Sources */,
				3D2F4D4020887C4300616E4E /* rb.c in Sources */,
				3D2F4DB22088810A00616E4E /* MistRequest.m in Sources */,
				3D2F4D3F20887C4300616E4E /* wish_api_relay.c in Sources */,
				3D2F4DB82088810A00616E4E /* MistApi.m in Sources */,
				3DB976AD215A7A4100C761DA /* platform.c in Sources */,
				3DB9768E215A7A4100C761DA /* md4.c in Sources */,
				3D48109C20EA3DBF0048B3CF /* PassthroughRequest.m in Sources */,
				3DB976A0215A7A4100C761DA /* rsa.c in Sources */,
				3DB976C6215A7A4100C761DA /* timing.c in Sources */,
				3DB97690215A7A4100C761DA /* camellia.c in Sources */,
				3D2F4CDE20887BB100616E4E /* sandbox.c in Sources */,
				3DB976A9215A7A4100C761DA /* ccm.c in Sources */,
				3D2F4DB42088810A00616E4E /* WldList.m in Sources */,
				3DB976C8215A7A4100C761DA /* x509write_crt.c in Sources */,
				3DB976A4215A7A4100C761DA /* pkwrite.c in Sources */,
				3D2F4CEB20887BCB00616E4E /* wish_app.c in Sources */,
				3D2F4CEA20887BCB00616E4E /* wish_protocol.c in Sources */,
				3DF201872093559D00B33336 /* mist_api_commission.c in Sources */,
				3DB976EC215D0B3D00C761DA /* mist_api_persistence.c in Sources */,
				3D2F4D9820887D5B00616E4E /* network.c in Sources */,
				3DB976C1215A7A4100C761DA /* x509.c in Sources */,
				3DB9769B215A7A4100C761DA /* aesni.c in Sources */,
				3DB976BE215A7A4100C761DA /* net.c in Sources */,
				3DB9768D215A7A4100C761DA /* aes.c in Sources */,
				3DB97693215A7A4100C761DA /* ecdh.c in Sources */,
				3D2F4D8720887C6900616E4E /* keypair.c in Sources */,
				3DB97691215A7A4100C761DA /* pk_wrap.c in Sources */,
				3D2F4CD820887BB000616E4E /* mist_api_sandbox.c in Sources */,
				3DB9769E215A7A4100C761DA /* ssl_ciphersuites.c in Sources */,
				3DB976B3215A7A4100C761DA /* blowfish.c in Sources */,
				3DB976B5215A7A4100C761DA /* pem.c in Sources */,
				3DCE5FA4208E040C00372643 /* Sandbox.m in Sources */,
				3D2F4D8420887C6900616E4E /* sign.c in Sources */,
				3DB976A5215A7A4100C761DA /* gcm.c in Sources */,
				3DB976B9215A7A4100C761DA /* md_wrap.c in Sources */,
				3DB976C4215A7A4100C761DA /* md5.c in Sources */,
				3D2F4CDD20887BB100616E4E /* mist_app.c in Sources */,
				3DB97695215A7A4100C761DA /* x509_crl.c in Sources */,
				3DB976B6215A7A4100C761DA /* oid.c in Sources */,
				3D2F4D4120887C4300616E4E /* wish_dispatcher.c in Sources */,
				3D2F4CE120887BB100616E4E /* mist_handler.c in Sources */,
				3D2F4D8020887C6900616E4E /* fe.c in Sources */,
				3DB976A3215A7A4100C761DA /* certs.c in Sources */,
				3D2F4D3A20887C4300616E4E /* wish_api_identity.c in Sources */,
				3DB97694215A7A4100C761DA /* ssl_tls.c in Sources */,
				3D2F4D9E20887D5B00616E4E /* app.c in Sources */,
				3D2F4D4920887C4300616E4E /* wish_service_registry.c in Sources */,
				3D2F4D3820887C4300616E4E /* wish_core.c in Sources */,
				3DB976C5215A7A4100C761DA /* arc4.c in Sources */,
				3DB976CD215A7A4100C761DA /* sha512.c in Sources */,
				3DB976A2215A7A4100C761DA /* asn1parse.c in Sources */,
				3DB976BD215A7A4100C761DA /* memory_buffer_alloc.c in Sources */,
				3D2F4D3B20887C4300616E4E /* wish_event.c in Sources */,
				3DB976CB215A7A4100C761DA /* pkcs12.c in Sources */,
				3DB9769D215A7A4100C761DA /* ssl_cache.c in Sources */,
				3D2F4D4420887C4300616E4E /* wish_core_signals.c in Sources */,
				3D2F4D4520887C4300616E4E /* wish_core_app_rpc.c in Sources */,
				3D2F4DB32088810A00616E4E /* Signals.m in Sources */,
				3D2F4D8620887C6900616E4E /* add_scalar.c in Sources */,
				3D2F4DB62088810A00616E4E /* IdentityFriendRequestAccept.m in Sources */,
				3D2F4D9B20887D5B00616E4E /* event.c in Sources */,
				3DB976AA215A7A4100C761DA /* version_features.c in Sources */,
				3D2F4D8320887C6900616E4E /* sc.c in Sources */,
				3DB976A8215A7A4100C761DA /* havege.c in Sources */,
				3D2F4D9D20887D5B00616E4E /* port_service_ipc.c in Sources */,
				3D2F4D4720887C4300616E4E /* wish_directory.c in Sources */,
				3DB976B0215A7A4100C761DA /* debug.c in Sources */,
				3D2F4D7F20887C6900616E4E /* seed.c in Sources */,
				3D2F4D9A20887D5B00616E4E /* fs_port.c in Sources */,
				3DB976CF215A7A4100C761DA /* cipher.c in Sources */,
				3DB976BB215A7A4100C761DA /* pkcs11.c in Sources */,
				3DB976CE215A7A4100C761DA /* md.c in Sources */,
				3D2F4DB72088810A00616E4E /* WldClear.m in Sources */,
				3DB976BA215A7A4100C761DA /* x509_csr.c in Sources */,
				3D2F4D3520887C4300616E4E /* wish_connection.c in Sources */,
				3DB976AC215A7A4100C761DA /* x509write_csr.c in Sources */,
				3D2F4D8120887C6900616E4E /* verify.c in Sources */,
				3D2F4D3E20887C4300616E4E /* wish_platform.c in Sources */,
				3D2F4DBD2088826900616E4E /* MistPort.m in Sources */,
				3DB9769C215A7A4100C761DA /* dhm.c in Sources */,
				3D2F4CE020887BB100616E4E /* mist_app_control.c in Sources */,
				3DB97699215A7A4100C761DA /* Makefile in Sources */,
				3D2F4CF520887C2700616E4E /* encoding.c in Sources */,
				3DB97696215A7A4100C761DA /* cipher_wrap.c in Sources */,
				3D2F4D3720887C4300616E4E /* wish_debug.c in Sources */,
				3D2F4D8520887C6900616E4E /* key_exchange.c in Sources */,
				3DB976BC215A7A4100C761DA /* base64.c in Sources */,
				3DB976A1215A7A4100C761DA /* ssl_ticket.c in Sources */,
				3D2F4D3320887C4300616E4E /* wish_utils.c in Sources */,
				3D2F4D9C20887D5B00616E4E /* relay_client.c in Sources */,
				3D2F4DB52088810A00616E4E /* IdentityFriendRequestList.m in Sources */,
				3DB976B1215A7A4100C761DA /* ripemd160.c in Sources */,
				3D2F4D4220887C4300616E4E /* wish_core_rpc.c in Sources */,
				3DB976B8215A7A4100C761DA /* md2.c in Sources */,
				3D2F4D3D20887C4300616E4E /* wish_config.c in Sources */,
				3D2F4D3C20887C4300616E4E /* wish_api_wld.c in Sources */,
				3D2F4D4B20887C4300616E4E /* wish_api_services.c in Sources */,
				3DB9768F215A7A4100C761DA /* ssl_srv.c in Sources */,
				3DB976A6215A7A4100C761DA /* sha1.c in Sources */,
				3D2F4CDF20887BB100616E4E /* mist_api.c in Sources */,
				3DB976D3215A7AB100C761DA /* sha512.c in Sources */,
				3D2F4D3220887C4300616E4E /* wish_time.c in Sources */,
				3D2F4D3620887C4300616E4E /* wish_identity.c in Sources */,
				3DB97697215A7A4100C761DA /* des.c in Sources */,
				3D2F4CE220887BB100616E4E /* mist_app_manage.c in Sources */,
				3DB976D0215A7A4100C761DA /* ecdsa.c in Sources */,
				3DB976AE215A7A4100C761DA /* bignum.c in Sources */,
				3D2F4D8220887C6900616E4E /* ge.c in Sources */,
				3D2F4CDB20887BB100616E4E /* mist_mapping.c in Sources */,
				3DB976A7215A7A4100C761DA /* asn1write.c in Sources */,
				3DB97698215A7A4100C761DA /* ssl_cookie.c in Sources */,
				3DB976C2215A7A4100C761DA /* sha256.c in Sources */,
				3DB976C9215A7A4100C761DA /* threading.c in Sources */,
				3D2F4D9920887D5B00616E4E /* app_server.c in Sources */,
				3DB9769F215A7A4100C761DA /* hmac_drbg.c in Sources */,
				3D2F4D4820887C4300616E4E /* wish_relationship.c in Sources */,
				3D2F4D4A20887C4300616E4E /* wish_connection_mgr.c in Sources */,
				3D2F4D4C20887C4300616E4E /* wish_relay_client.c in Sources */,
				3DB976AF215A7A4100C761DA /* pkparse.c in Sources */,
				3DB976AB215A7A4100C761DA /* entropy_poll.c in Sources */,
				3DB9769A215A7A4100C761DA /* ctr_drbg.c in Sources */,
				3DB9768B215A7A4100C761DA /* x509_create.c in Sources */,
				3D2F4D3920887C4300616E4E /* wish_api_connections.c in Sources */,
				3D2F4D3420887C4300616E4E /* wish_fs.c in Sources */,
				3D2F4D4320887C4300616E4E /* wish_local_discovery.c in Sources */,
				3D2F4D8B20887CC100616E4E /* wish_rpc.c in Sources */,
				3DB976C3215A7A4100C761DA /* ecp_curves.c in Sources */,
			);
			runOnlyForDeploymentPostprocessing = 0;
		};
/* End PBXSourcesBuildPhase section */

/* Begin PBXTargetDependency section */
		3D5FE2172088D60B00A4C720 /* PBXTargetDependency */ = {
			isa = PBXTargetDependency;
			target = 3DAC75422085DDC400A9CEC7 /* MistApi */;
			targetProxy = 3D5FE2162088D60B00A4C720 /* PBXContainerItemProxy */;
		};
/* End PBXTargetDependency section */

/* Begin XCBuildConfiguration section */
		3D5FE2122088D32900A4C720 /* Debug */ = {
			isa = XCBuildConfiguration;
			buildSettings = {
				CODE_SIGN_STYLE = Automatic;
				DEVELOPMENT_TEAM = 75MTAGEK2D;
				ENABLE_TESTABILITY = NO;
				PRODUCT_NAME = "$(TARGET_NAME)";
			};
			name = Debug;
		};
		3D5FE2132088D32900A4C720 /* Release */ = {
			isa = XCBuildConfiguration;
			buildSettings = {
				CODE_SIGN_STYLE = Automatic;
				DEVELOPMENT_TEAM = 75MTAGEK2D;
				PRODUCT_NAME = "$(TARGET_NAME)";
			};
			name = Release;
		};
		3DAC754A2085DDC500A9CEC7 /* Debug */ = {
			isa = XCBuildConfiguration;
			buildSettings = {
				ALWAYS_SEARCH_USER_PATHS = NO;
				BITCODE_GENERATION_MODE = "";
				"BITCODE_GENERATION_MODE[arch=*]" = marker;
				CLANG_ANALYZER_NONNULL = YES;
				CLANG_ANALYZER_NUMBER_OBJECT_CONVERSION = YES_AGGRESSIVE;
				CLANG_CXX_LANGUAGE_STANDARD = "gnu++14";
				CLANG_CXX_LIBRARY = "libc++";
				CLANG_ENABLE_MODULES = YES;
				CLANG_ENABLE_OBJC_ARC = YES;
				CLANG_ENABLE_OBJC_WEAK = YES;
				CLANG_WARN_BLOCK_CAPTURE_AUTORELEASING = YES;
				CLANG_WARN_BOOL_CONVERSION = YES;
				CLANG_WARN_COMMA = YES;
				CLANG_WARN_CONSTANT_CONVERSION = YES;
				CLANG_WARN_DEPRECATED_OBJC_IMPLEMENTATIONS = YES;
				CLANG_WARN_DIRECT_OBJC_ISA_USAGE = YES_ERROR;
				CLANG_WARN_DOCUMENTATION_COMMENTS = YES;
				CLANG_WARN_EMPTY_BODY = YES;
				CLANG_WARN_ENUM_CONVERSION = YES;
				CLANG_WARN_INFINITE_RECURSION = YES;
				CLANG_WARN_INT_CONVERSION = YES;
				CLANG_WARN_NON_LITERAL_NULL_CONVERSION = YES;
				CLANG_WARN_OBJC_IMPLICIT_RETAIN_SELF = YES;
				CLANG_WARN_OBJC_LITERAL_CONVERSION = YES;
				CLANG_WARN_OBJC_ROOT_CLASS = YES_ERROR;
				CLANG_WARN_RANGE_LOOP_ANALYSIS = YES;
				CLANG_WARN_STRICT_PROTOTYPES = YES;
				CLANG_WARN_SUSPICIOUS_MOVE = YES;
				CLANG_WARN_UNGUARDED_AVAILABILITY = YES_AGGRESSIVE;
				CLANG_WARN_UNREACHABLE_CODE = YES;
				CLANG_WARN__DUPLICATE_METHOD_MATCH = YES;
				CODE_SIGN_IDENTITY = "iPhone Developer";
				COPY_PHASE_STRIP = NO;
				DEBUG_INFORMATION_FORMAT = dwarf;
				ENABLE_STRICT_OBJC_MSGSEND = YES;
				ENABLE_TESTABILITY = YES;
				GCC_C_LANGUAGE_STANDARD = gnu11;
				GCC_DYNAMIC_NO_PIC = NO;
				GCC_NO_COMMON_BLOCKS = YES;
				GCC_OPTIMIZATION_LEVEL = 0;
				GCC_PREPROCESSOR_DEFINITIONS = (
					"DEBUG=1",
					"$(inherited)",
				);
				GCC_WARN_64_TO_32_BIT_CONVERSION = YES;
				GCC_WARN_ABOUT_RETURN_TYPE = YES_ERROR;
				GCC_WARN_UNDECLARED_SELECTOR = YES;
				GCC_WARN_UNINITIALIZED_AUTOS = YES_AGGRESSIVE;
				GCC_WARN_UNUSED_FUNCTION = YES;
				GCC_WARN_UNUSED_VARIABLE = YES;
				IPHONEOS_DEPLOYMENT_TARGET = 11.0;
				MTL_ENABLE_DEBUG_INFO = YES;
				ONLY_ACTIVE_ARCH = YES;
				"OTHER_CFLAGS[arch=*]" = "-fembed-bitcode";
				SDKROOT = iphoneos;
			};
			name = Debug;
		};
		3DAC754B2085DDC500A9CEC7 /* Release */ = {
			isa = XCBuildConfiguration;
			buildSettings = {
				ALWAYS_SEARCH_USER_PATHS = NO;
				BITCODE_GENERATION_MODE = "";
				"BITCODE_GENERATION_MODE[arch=*]" = bitcode;
				CLANG_ANALYZER_NONNULL = YES;
				CLANG_ANALYZER_NUMBER_OBJECT_CONVERSION = YES_AGGRESSIVE;
				CLANG_CXX_LANGUAGE_STANDARD = "gnu++14";
				CLANG_CXX_LIBRARY = "libc++";
				CLANG_ENABLE_MODULES = YES;
				CLANG_ENABLE_OBJC_ARC = YES;
				CLANG_ENABLE_OBJC_WEAK = YES;
				CLANG_WARN_BLOCK_CAPTURE_AUTORELEASING = YES;
				CLANG_WARN_BOOL_CONVERSION = YES;
				CLANG_WARN_COMMA = YES;
				CLANG_WARN_CONSTANT_CONVERSION = YES;
				CLANG_WARN_DEPRECATED_OBJC_IMPLEMENTATIONS = YES;
				CLANG_WARN_DIRECT_OBJC_ISA_USAGE = YES_ERROR;
				CLANG_WARN_DOCUMENTATION_COMMENTS = YES;
				CLANG_WARN_EMPTY_BODY = YES;
				CLANG_WARN_ENUM_CONVERSION = YES;
				CLANG_WARN_INFINITE_RECURSION = YES;
				CLANG_WARN_INT_CONVERSION = YES;
				CLANG_WARN_NON_LITERAL_NULL_CONVERSION = YES;
				CLANG_WARN_OBJC_IMPLICIT_RETAIN_SELF = YES;
				CLANG_WARN_OBJC_LITERAL_CONVERSION = YES;
				CLANG_WARN_OBJC_ROOT_CLASS = YES_ERROR;
				CLANG_WARN_RANGE_LOOP_ANALYSIS = YES;
				CLANG_WARN_STRICT_PROTOTYPES = YES;
				CLANG_WARN_SUSPICIOUS_MOVE = YES;
				CLANG_WARN_UNGUARDED_AVAILABILITY = YES_AGGRESSIVE;
				CLANG_WARN_UNREACHABLE_CODE = YES;
				CLANG_WARN__DUPLICATE_METHOD_MATCH = YES;
				CODE_SIGN_IDENTITY = "iPhone Developer";
				COPY_PHASE_STRIP = NO;
				DEBUG_INFORMATION_FORMAT = "dwarf-with-dsym";
				ENABLE_NS_ASSERTIONS = NO;
				ENABLE_STRICT_OBJC_MSGSEND = YES;
				GCC_C_LANGUAGE_STANDARD = gnu11;
				GCC_NO_COMMON_BLOCKS = YES;
				GCC_WARN_64_TO_32_BIT_CONVERSION = YES;
				GCC_WARN_ABOUT_RETURN_TYPE = YES_ERROR;
				GCC_WARN_UNDECLARED_SELECTOR = YES;
				GCC_WARN_UNINITIALIZED_AUTOS = YES_AGGRESSIVE;
				GCC_WARN_UNUSED_FUNCTION = YES;
				GCC_WARN_UNUSED_VARIABLE = YES;
				IPHONEOS_DEPLOYMENT_TARGET = 11.0;
				MTL_ENABLE_DEBUG_INFO = NO;
				"OTHER_CFLAGS[arch=*]" = "-fembed-bitcode";
				SDKROOT = iphoneos;
				VALIDATE_PRODUCT = YES;
			};
			name = Release;
		};
		3DAC754D2085DDC500A9CEC7 /* Debug */ = {
			isa = XCBuildConfiguration;
			buildSettings = {
				CODE_SIGN_STYLE = Automatic;
				DEVELOPMENT_TEAM = 75MTAGEK2D;
				IPHONEOS_DEPLOYMENT_TARGET = 11.0;
				OTHER_LDFLAGS = "-ObjC";
				PRODUCT_NAME = "$(TARGET_NAME)";
				SKIP_INSTALL = YES;
				TARGETED_DEVICE_FAMILY = "1,2";
				"USER_HEADER_SEARCH_PATHS[arch=*]" = (
					"wish-c99/deps/mbedtls-2.1.2/include/**",
					"wish-c99/src",
					"wish-c99/deps/**",
				);
			};
			name = Debug;
		};
		3DAC754E2085DDC500A9CEC7 /* Release */ = {
			isa = XCBuildConfiguration;
			buildSettings = {
				CODE_SIGN_STYLE = Automatic;
				DEVELOPMENT_TEAM = 75MTAGEK2D;
				IPHONEOS_DEPLOYMENT_TARGET = 11.0;
				"OTHER_CFLAGS[arch=*]" = "-DRELEASE_BUILD";
				OTHER_LDFLAGS = "-ObjC";
				PRODUCT_NAME = "$(TARGET_NAME)";
				SKIP_INSTALL = YES;
				TARGETED_DEVICE_FAMILY = "1,2";
				"USER_HEADER_SEARCH_PATHS[arch=*]" = (
					"wish-c99/deps/mbedtls-2.1.2/include/**",
					"wish-c99/src",
					"wish-c99/deps/**",
				);
			};
			name = Release;
		};
/* End XCBuildConfiguration section */

/* Begin XCConfigurationList section */
		3D5FE2112088D32900A4C720 /* Build configuration list for PBXAggregateTarget "UniversalBuild" */ = {
			isa = XCConfigurationList;
			buildConfigurations = (
				3D5FE2122088D32900A4C720 /* Debug */,
				3D5FE2132088D32900A4C720 /* Release */,
			);
			defaultConfigurationIsVisible = 0;
			defaultConfigurationName = Release;
		};
		3DAC753E2085DDC400A9CEC7 /* Build configuration list for PBXProject "MistApi" */ = {
			isa = XCConfigurationList;
			buildConfigurations = (
				3DAC754A2085DDC500A9CEC7 /* Debug */,
				3DAC754B2085DDC500A9CEC7 /* Release */,
			);
			defaultConfigurationIsVisible = 0;
			defaultConfigurationName = Release;
		};
		3DAC754C2085DDC500A9CEC7 /* Build configuration list for PBXNativeTarget "MistApi" */ = {
			isa = XCConfigurationList;
			buildConfigurations = (
				3DAC754D2085DDC500A9CEC7 /* Debug */,
				3DAC754E2085DDC500A9CEC7 /* Release */,
			);
			defaultConfigurationIsVisible = 0;
			defaultConfigurationName = Release;
		};
/* End XCConfigurationList section */
	};
	rootObject = 3DAC753B2085DDC400A9CEC7 /* Project object */;
}
